// !$*UTF8*$!
{
	archiveVersion = 1;
	classes = {
	};
	objectVersion = 60;
	objects = {

/* Begin PBXBuildFile section */
		392D9BF52B72CB0C00166CF1 /* LoggedInRootView.swift in Sources */ = {isa = PBXBuildFile; fileRef = 392D9BF42B72CB0C00166CF1 /* LoggedInRootView.swift */; };
		392D9BF72B72CC8A00166CF1 /* HomeTab.swift in Sources */ = {isa = PBXBuildFile; fileRef = 392D9BF62B72CC8A00166CF1 /* HomeTab.swift */; };
		392D9BF92B72CCA200166CF1 /* CheckTab.swift in Sources */ = {isa = PBXBuildFile; fileRef = 392D9BF82B72CCA200166CF1 /* CheckTab.swift */; };
		392D9BFB2B72CCB700166CF1 /* HistoryTab.swift in Sources */ = {isa = PBXBuildFile; fileRef = 392D9BFA2B72CCB700166CF1 /* HistoryTab.swift */; };
		392D9BFD2B72CCD300166CF1 /* SettingsTab.swift in Sources */ = {isa = PBXBuildFile; fileRef = 392D9BFC2B72CCD300166CF1 /* SettingsTab.swift */; };
		392D9C062B72D58400166CF1 /* UserPreferences.swift in Sources */ = {isa = PBXBuildFile; fileRef = 392D9C052B72D58400166CF1 /* UserPreferences.swift */; };
		392D9C092B743B5300166CF1 /* Config.swift in Sources */ = {isa = PBXBuildFile; fileRef = 392D9C082B743B5300166CF1 /* Config.swift */; };
		392D9C0C2B75500000166CF1 /* CapsuleWithDivider.swift in Sources */ = {isa = PBXBuildFile; fileRef = 392D9C0B2B75500000166CF1 /* CapsuleWithDivider.swift */; };
		392D9C0E2B755AE900166CF1 /* AnalysisResultView.swift in Sources */ = {isa = PBXBuildFile; fileRef = 392D9C0D2B755AE900166CF1 /* AnalysisResultView.swift */; };
		393461CE2B93777200695FE5 /* FileCache.swift in Sources */ = {isa = PBXBuildFile; fileRef = 393461CD2B93777200695FE5 /* FileCache.swift */; };
		3946B4472B6F423B00D8B7C9 /* LabelAnalysisView.swift in Sources */ = {isa = PBXBuildFile; fileRef = 3946B4462B6F423B00D8B7C9 /* LabelAnalysisView.swift */; };
		397C85D92B6858AC00FB9DAD /* ImageCaptureView.swift in Sources */ = {isa = PBXBuildFile; fileRef = 397C85D82B6858AC00FB9DAD /* ImageCaptureView.swift */; };
		397C85DB2B686DF000FB9DAD /* CaptureView.swift in Sources */ = {isa = PBXBuildFile; fileRef = 397C85DA2B686DF000FB9DAD /* CaptureView.swift */; };
		397C85DD2B687FF700FB9DAD /* BarcodeScannerView.swift in Sources */ = {isa = PBXBuildFile; fileRef = 397C85DC2B687FF700FB9DAD /* BarcodeScannerView.swift */; };
		397C85EB2B6B536100FB9DAD /* Auth in Frameworks */ = {isa = PBXBuildFile; productRef = 397C85EA2B6B536100FB9DAD /* Auth */; };
		397C85ED2B6B536100FB9DAD /* Functions in Frameworks */ = {isa = PBXBuildFile; productRef = 397C85EC2B6B536100FB9DAD /* Functions */; };
		397C85EF2B6B536100FB9DAD /* PostgREST in Frameworks */ = {isa = PBXBuildFile; productRef = 397C85EE2B6B536100FB9DAD /* PostgREST */; };
		397C85F12B6B536100FB9DAD /* Realtime in Frameworks */ = {isa = PBXBuildFile; productRef = 397C85F02B6B536100FB9DAD /* Realtime */; };
		397C85F32B6B536100FB9DAD /* Storage in Frameworks */ = {isa = PBXBuildFile; productRef = 397C85F22B6B536100FB9DAD /* Storage */; };
		397C85F52B6B536100FB9DAD /* Supabase in Frameworks */ = {isa = PBXBuildFile; productRef = 397C85F42B6B536100FB9DAD /* Supabase */; };
		397C85F82B6B537600FB9DAD /* KeychainSwift in Frameworks */ = {isa = PBXBuildFile; productRef = 397C85F72B6B537600FB9DAD /* KeychainSwift */; };
		397C85FA2B6B538500FB9DAD /* AuthController.swift in Sources */ = {isa = PBXBuildFile; fileRef = 397C85F92B6B538500FB9DAD /* AuthController.swift */; };
		397C85FF2B6C08FE00FB9DAD /* DTO.swift in Sources */ = {isa = PBXBuildFile; fileRef = 397C85FE2B6C08FE00FB9DAD /* DTO.swift */; };
		397C86012B6C090B00FB9DAD /* WebService.swift in Sources */ = {isa = PBXBuildFile; fileRef = 397C86002B6C090B00FB9DAD /* WebService.swift */; };
		397C86042B6C1AF400FB9DAD /* SupabaseRequestBuilder.swift in Sources */ = {isa = PBXBuildFile; fileRef = 397C86032B6C1AF400FB9DAD /* SupabaseRequestBuilder.swift */; };
		397C86062B6C22B900FB9DAD /* BarcodeAnalysisView.swift in Sources */ = {isa = PBXBuildFile; fileRef = 397C86052B6C22B900FB9DAD /* BarcodeAnalysisView.swift */; };
		397DA1D72B7A9BB000BFB26F /* PreferenceExamples.swift in Sources */ = {isa = PBXBuildFile; fileRef = 397DA1D62B7A9BB000BFB26F /* PreferenceExamples.swift */; };
		397DA1D92B7C153100BFB26F /* FeedbackView.swift in Sources */ = {isa = PBXBuildFile; fileRef = 397DA1D82B7C153100BFB26F /* FeedbackView.swift */; };
		39F2A87E2A9D3972004EBB9A /* IngrediCheckApp.swift in Sources */ = {isa = PBXBuildFile; fileRef = 39F2A87D2A9D3972004EBB9A /* IngrediCheckApp.swift */; };
		39F2A8822A9D3974004EBB9A /* Assets.xcassets in Resources */ = {isa = PBXBuildFile; fileRef = 39F2A8812A9D3974004EBB9A /* Assets.xcassets */; };
		67482C3B7CC358948D6FED1E /* Pods_IngrediCheck.framework in Frameworks */ = {isa = PBXBuildFile; fileRef = FB9E2B71766679973099A9EC /* Pods_IngrediCheck.framework */; };
/* End PBXBuildFile section */

/* Begin PBXFileReference section */
		038BC3CAB05638A45E54E91B /* Pods-IngrediCheck.debug.xcconfig */ = {isa = PBXFileReference; includeInIndex = 1; lastKnownFileType = text.xcconfig; name = "Pods-IngrediCheck.debug.xcconfig"; path = "Target Support Files/Pods-IngrediCheck/Pods-IngrediCheck.debug.xcconfig"; sourceTree = "<group>"; };
		392D9BF42B72CB0C00166CF1 /* LoggedInRootView.swift */ = {isa = PBXFileReference; lastKnownFileType = sourcecode.swift; path = LoggedInRootView.swift; sourceTree = "<group>"; };
		392D9BF62B72CC8A00166CF1 /* HomeTab.swift */ = {isa = PBXFileReference; lastKnownFileType = sourcecode.swift; path = HomeTab.swift; sourceTree = "<group>"; };
		392D9BF82B72CCA200166CF1 /* CheckTab.swift */ = {isa = PBXFileReference; lastKnownFileType = sourcecode.swift; path = CheckTab.swift; sourceTree = "<group>"; };
		392D9BFA2B72CCB700166CF1 /* HistoryTab.swift */ = {isa = PBXFileReference; lastKnownFileType = sourcecode.swift; path = HistoryTab.swift; sourceTree = "<group>"; };
		392D9BFC2B72CCD300166CF1 /* SettingsTab.swift */ = {isa = PBXFileReference; lastKnownFileType = sourcecode.swift; path = SettingsTab.swift; sourceTree = "<group>"; };
		392D9C052B72D58400166CF1 /* UserPreferences.swift */ = {isa = PBXFileReference; lastKnownFileType = sourcecode.swift; path = UserPreferences.swift; sourceTree = "<group>"; };
		392D9C072B73665500166CF1 /* Info.plist */ = {isa = PBXFileReference; lastKnownFileType = text.plist; path = Info.plist; sourceTree = "<group>"; };
		392D9C082B743B5300166CF1 /* Config.swift */ = {isa = PBXFileReference; lastKnownFileType = sourcecode.swift; path = Config.swift; sourceTree = "<group>"; };
		392D9C0B2B75500000166CF1 /* CapsuleWithDivider.swift */ = {isa = PBXFileReference; lastKnownFileType = sourcecode.swift; path = CapsuleWithDivider.swift; sourceTree = "<group>"; };
		392D9C0D2B755AE900166CF1 /* AnalysisResultView.swift */ = {isa = PBXFileReference; lastKnownFileType = sourcecode.swift; path = AnalysisResultView.swift; sourceTree = "<group>"; };
		393461CD2B93777200695FE5 /* FileCache.swift */ = {isa = PBXFileReference; lastKnownFileType = sourcecode.swift; path = FileCache.swift; sourceTree = "<group>"; };
		3946B4462B6F423B00D8B7C9 /* LabelAnalysisView.swift */ = {isa = PBXFileReference; lastKnownFileType = sourcecode.swift; path = LabelAnalysisView.swift; sourceTree = "<group>"; };
		397C85D82B6858AC00FB9DAD /* ImageCaptureView.swift */ = {isa = PBXFileReference; lastKnownFileType = sourcecode.swift; path = ImageCaptureView.swift; sourceTree = "<group>"; };
		397C85DA2B686DF000FB9DAD /* CaptureView.swift */ = {isa = PBXFileReference; lastKnownFileType = sourcecode.swift; path = CaptureView.swift; sourceTree = "<group>"; };
		397C85DC2B687FF700FB9DAD /* BarcodeScannerView.swift */ = {isa = PBXFileReference; lastKnownFileType = sourcecode.swift; path = BarcodeScannerView.swift; sourceTree = "<group>"; };
		397C85F92B6B538500FB9DAD /* AuthController.swift */ = {isa = PBXFileReference; lastKnownFileType = sourcecode.swift; path = AuthController.swift; sourceTree = "<group>"; };
		397C85FE2B6C08FE00FB9DAD /* DTO.swift */ = {isa = PBXFileReference; lastKnownFileType = sourcecode.swift; path = DTO.swift; sourceTree = "<group>"; };
		397C86002B6C090B00FB9DAD /* WebService.swift */ = {isa = PBXFileReference; lastKnownFileType = sourcecode.swift; path = WebService.swift; sourceTree = "<group>"; };
		397C86032B6C1AF400FB9DAD /* SupabaseRequestBuilder.swift */ = {isa = PBXFileReference; lastKnownFileType = sourcecode.swift; path = SupabaseRequestBuilder.swift; sourceTree = "<group>"; };
		397C86052B6C22B900FB9DAD /* BarcodeAnalysisView.swift */ = {isa = PBXFileReference; lastKnownFileType = sourcecode.swift; path = BarcodeAnalysisView.swift; sourceTree = "<group>"; };
		397DA1D62B7A9BB000BFB26F /* PreferenceExamples.swift */ = {isa = PBXFileReference; lastKnownFileType = sourcecode.swift; path = PreferenceExamples.swift; sourceTree = "<group>"; };
		397DA1D82B7C153100BFB26F /* FeedbackView.swift */ = {isa = PBXFileReference; lastKnownFileType = sourcecode.swift; path = FeedbackView.swift; sourceTree = "<group>"; };
		39F2A87A2A9D3972004EBB9A /* IngrediCheck.app */ = {isa = PBXFileReference; explicitFileType = wrapper.application; includeInIndex = 0; path = IngrediCheck.app; sourceTree = BUILT_PRODUCTS_DIR; };
		39F2A87D2A9D3972004EBB9A /* IngrediCheckApp.swift */ = {isa = PBXFileReference; lastKnownFileType = sourcecode.swift; path = IngrediCheckApp.swift; sourceTree = "<group>"; };
		39F2A8812A9D3974004EBB9A /* Assets.xcassets */ = {isa = PBXFileReference; lastKnownFileType = folder.assetcatalog; path = Assets.xcassets; sourceTree = "<group>"; };
		879618449883C38400FE7150 /* Pods-IngrediCheck.release.xcconfig */ = {isa = PBXFileReference; includeInIndex = 1; lastKnownFileType = text.xcconfig; name = "Pods-IngrediCheck.release.xcconfig"; path = "Target Support Files/Pods-IngrediCheck/Pods-IngrediCheck.release.xcconfig"; sourceTree = "<group>"; };
		FB9E2B71766679973099A9EC /* Pods_IngrediCheck.framework */ = {isa = PBXFileReference; explicitFileType = wrapper.framework; includeInIndex = 0; path = Pods_IngrediCheck.framework; sourceTree = BUILT_PRODUCTS_DIR; };
/* End PBXFileReference section */

/* Begin PBXFrameworksBuildPhase section */
		39F2A8772A9D3972004EBB9A /* Frameworks */ = {
			isa = PBXFrameworksBuildPhase;
			buildActionMask = 2147483647;
			files = (
				397C85F52B6B536100FB9DAD /* Supabase in Frameworks */,
				397C85F32B6B536100FB9DAD /* Storage in Frameworks */,
				397C85EF2B6B536100FB9DAD /* PostgREST in Frameworks */,
				397C85ED2B6B536100FB9DAD /* Functions in Frameworks */,
				397C85EB2B6B536100FB9DAD /* Auth in Frameworks */,
				397C85F12B6B536100FB9DAD /* Realtime in Frameworks */,
				397C85F82B6B537600FB9DAD /* KeychainSwift in Frameworks */,
				67482C3B7CC358948D6FED1E /* Pods_IngrediCheck.framework in Frameworks */,
			);
			runOnlyForDeploymentPostprocessing = 0;
		};
/* End PBXFrameworksBuildPhase section */

/* Begin PBXGroup section */
		392D9BF32B72CB0100166CF1 /* Tabs */ = {
			isa = PBXGroup;
			children = (
				392D9BF42B72CB0C00166CF1 /* LoggedInRootView.swift */,
				392D9BF62B72CC8A00166CF1 /* HomeTab.swift */,
				392D9BF82B72CCA200166CF1 /* CheckTab.swift */,
				392D9BFA2B72CCB700166CF1 /* HistoryTab.swift */,
				392D9BFC2B72CCD300166CF1 /* SettingsTab.swift */,
			);
			path = Tabs;
			sourceTree = "<group>";
		};
		392D9C042B72D56700166CF1 /* Store */ = {
			isa = PBXGroup;
			children = (
				392D9C052B72D58400166CF1 /* UserPreferences.swift */,
				397DA1D62B7A9BB000BFB26F /* PreferenceExamples.swift */,
				393461CD2B93777200695FE5 /* FileCache.swift */,
			);
			path = Store;
			sourceTree = "<group>";
		};
		392D9C0A2B754FDA00166CF1 /* Lib */ = {
			isa = PBXGroup;
			children = (
				392D9C0B2B75500000166CF1 /* CapsuleWithDivider.swift */,
				397DA1D82B7C153100BFB26F /* FeedbackView.swift */,
			);
			path = Lib;
			sourceTree = "<group>";
		};
		397C86022B6C16F500FB9DAD /* Views */ = {
			isa = PBXGroup;
			children = (
				392D9C0A2B754FDA00166CF1 /* Lib */,
				392D9BF32B72CB0100166CF1 /* Tabs */,
				397C85DA2B686DF000FB9DAD /* CaptureView.swift */,
				397C85D82B6858AC00FB9DAD /* ImageCaptureView.swift */,
				397C85DC2B687FF700FB9DAD /* BarcodeScannerView.swift */,
				397C86052B6C22B900FB9DAD /* BarcodeAnalysisView.swift */,
				3946B4462B6F423B00D8B7C9 /* LabelAnalysisView.swift */,
				392D9C0D2B755AE900166CF1 /* AnalysisResultView.swift */,
			);
			path = Views;
			sourceTree = "<group>";
		};
		39F2A8712A9D3972004EBB9A = {
			isa = PBXGroup;
			children = (
				39F2A87C2A9D3972004EBB9A /* IngrediCheck */,
				39F2A87B2A9D3972004EBB9A /* Products */,
				6129BCCF6EBB4E1C75C2304C /* Pods */,
				47765D44630EC0C01CD932C7 /* Frameworks */,
			);
			sourceTree = "<group>";
		};
		39F2A87B2A9D3972004EBB9A /* Products */ = {
			isa = PBXGroup;
			children = (
				39F2A87A2A9D3972004EBB9A /* IngrediCheck.app */,
			);
			name = Products;
			sourceTree = "<group>";
		};
		39F2A87C2A9D3972004EBB9A /* IngrediCheck */ = {
			isa = PBXGroup;
			children = (
				392D9C072B73665500166CF1 /* Info.plist */,
				392D9C042B72D56700166CF1 /* Store */,
				397C86022B6C16F500FB9DAD /* Views */,
				39F2A87D2A9D3972004EBB9A /* IngrediCheckApp.swift */,
				39F2A8812A9D3974004EBB9A /* Assets.xcassets */,
				397C85F92B6B538500FB9DAD /* AuthController.swift */,
				397C85FE2B6C08FE00FB9DAD /* DTO.swift */,
				397C86002B6C090B00FB9DAD /* WebService.swift */,
				397C86032B6C1AF400FB9DAD /* SupabaseRequestBuilder.swift */,
				392D9C082B743B5300166CF1 /* Config.swift */,
			);
			path = IngrediCheck;
			sourceTree = "<group>";
		};
		47765D44630EC0C01CD932C7 /* Frameworks */ = {
			isa = PBXGroup;
			children = (
				FB9E2B71766679973099A9EC /* Pods_IngrediCheck.framework */,
			);
			name = Frameworks;
			sourceTree = "<group>";
		};
		6129BCCF6EBB4E1C75C2304C /* Pods */ = {
			isa = PBXGroup;
			children = (
				038BC3CAB05638A45E54E91B /* Pods-IngrediCheck.debug.xcconfig */,
				879618449883C38400FE7150 /* Pods-IngrediCheck.release.xcconfig */,
			);
			path = Pods;
			sourceTree = "<group>";
		};
/* End PBXGroup section */

/* Begin PBXNativeTarget section */
		39F2A8792A9D3972004EBB9A /* IngrediCheck */ = {
			isa = PBXNativeTarget;
			buildConfigurationList = 39F2A8882A9D3974004EBB9A /* Build configuration list for PBXNativeTarget "IngrediCheck" */;
			buildPhases = (
				9894794314C33CE38DA6FC60 /* [CP] Check Pods Manifest.lock */,
				39F2A8762A9D3972004EBB9A /* Sources */,
				39F2A8772A9D3972004EBB9A /* Frameworks */,
				39F2A8782A9D3972004EBB9A /* Resources */,
				610871C3FD6AD9F1E419563F /* [CP] Embed Pods Frameworks */,
				70727DDFE389B9232F5D0345 /* [CP] Copy Pods Resources */,
			);
			buildRules = (
			);
			dependencies = (
			);
			name = IngrediCheck;
			packageProductDependencies = (
				397C85EA2B6B536100FB9DAD /* Auth */,
				397C85EC2B6B536100FB9DAD /* Functions */,
				397C85EE2B6B536100FB9DAD /* PostgREST */,
				397C85F02B6B536100FB9DAD /* Realtime */,
				397C85F22B6B536100FB9DAD /* Storage */,
				397C85F42B6B536100FB9DAD /* Supabase */,
				397C85F72B6B537600FB9DAD /* KeychainSwift */,
			);
			productName = IngrediCheck;
			productReference = 39F2A87A2A9D3972004EBB9A /* IngrediCheck.app */;
			productType = "com.apple.product-type.application";
		};
/* End PBXNativeTarget section */

/* Begin PBXProject section */
		39F2A8722A9D3972004EBB9A /* Project object */ = {
			isa = PBXProject;
			attributes = {
				BuildIndependentTargetsInParallel = 1;
				LastSwiftUpdateCheck = 1430;
				LastUpgradeCheck = 1520;
				TargetAttributes = {
					39F2A8792A9D3972004EBB9A = {
						CreatedOnToolsVersion = 14.3.1;
					};
				};
			};
			buildConfigurationList = 39F2A8752A9D3972004EBB9A /* Build configuration list for PBXProject "IngrediCheck" */;
			compatibilityVersion = "Xcode 15.0";
			developmentRegion = en;
			hasScannedForEncodings = 0;
			knownRegions = (
				en,
				Base,
			);
			mainGroup = 39F2A8712A9D3972004EBB9A;
			packageReferences = (
				397C85E92B6B536100FB9DAD /* XCRemoteSwiftPackageReference "supabase-swift" */,
				397C85F62B6B537600FB9DAD /* XCRemoteSwiftPackageReference "keychain-swift" */,
			);
			productRefGroup = 39F2A87B2A9D3972004EBB9A /* Products */;
			projectDirPath = "";
			projectRoot = "";
			targets = (
				39F2A8792A9D3972004EBB9A /* IngrediCheck */,
			);
		};
/* End PBXProject section */

/* Begin PBXResourcesBuildPhase section */
		39F2A8782A9D3972004EBB9A /* Resources */ = {
			isa = PBXResourcesBuildPhase;
			buildActionMask = 2147483647;
			files = (
				39F2A8822A9D3974004EBB9A /* Assets.xcassets in Resources */,
			);
			runOnlyForDeploymentPostprocessing = 0;
		};
/* End PBXResourcesBuildPhase section */

/* Begin PBXShellScriptBuildPhase section */
		610871C3FD6AD9F1E419563F /* [CP] Embed Pods Frameworks */ = {
			isa = PBXShellScriptBuildPhase;
			buildActionMask = 2147483647;
			files = (
			);
			inputFileListPaths = (
				"${PODS_ROOT}/Target Support Files/Pods-IngrediCheck/Pods-IngrediCheck-frameworks-${CONFIGURATION}-input-files.xcfilelist",
			);
			name = "[CP] Embed Pods Frameworks";
			outputFileListPaths = (
				"${PODS_ROOT}/Target Support Files/Pods-IngrediCheck/Pods-IngrediCheck-frameworks-${CONFIGURATION}-output-files.xcfilelist",
			);
			runOnlyForDeploymentPostprocessing = 0;
			shellPath = /bin/sh;
			shellScript = "\"${PODS_ROOT}/Target Support Files/Pods-IngrediCheck/Pods-IngrediCheck-frameworks.sh\"\n";
			showEnvVarsInLog = 0;
		};
		70727DDFE389B9232F5D0345 /* [CP] Copy Pods Resources */ = {
			isa = PBXShellScriptBuildPhase;
			buildActionMask = 2147483647;
			files = (
			);
			inputFileListPaths = (
				"${PODS_ROOT}/Target Support Files/Pods-IngrediCheck/Pods-IngrediCheck-resources-${CONFIGURATION}-input-files.xcfilelist",
			);
			name = "[CP] Copy Pods Resources";
			outputFileListPaths = (
				"${PODS_ROOT}/Target Support Files/Pods-IngrediCheck/Pods-IngrediCheck-resources-${CONFIGURATION}-output-files.xcfilelist",
			);
			runOnlyForDeploymentPostprocessing = 0;
			shellPath = /bin/sh;
			shellScript = "\"${PODS_ROOT}/Target Support Files/Pods-IngrediCheck/Pods-IngrediCheck-resources.sh\"\n";
			showEnvVarsInLog = 0;
		};
		9894794314C33CE38DA6FC60 /* [CP] Check Pods Manifest.lock */ = {
			isa = PBXShellScriptBuildPhase;
			buildActionMask = 2147483647;
			files = (
			);
			inputFileListPaths = (
			);
			inputPaths = (
				"${PODS_PODFILE_DIR_PATH}/Podfile.lock",
				"${PODS_ROOT}/Manifest.lock",
			);
			name = "[CP] Check Pods Manifest.lock";
			outputFileListPaths = (
			);
			outputPaths = (
				"$(DERIVED_FILE_DIR)/Pods-IngrediCheck-checkManifestLockResult.txt",
			);
			runOnlyForDeploymentPostprocessing = 0;
			shellPath = /bin/sh;
			shellScript = "diff \"${PODS_PODFILE_DIR_PATH}/Podfile.lock\" \"${PODS_ROOT}/Manifest.lock\" > /dev/null\nif [ $? != 0 ] ; then\n    # print error to STDERR\n    echo \"error: The sandbox is not in sync with the Podfile.lock. Run 'pod install' or update your CocoaPods installation.\" >&2\n    exit 1\nfi\n# This output is used by Xcode 'outputs' to avoid re-running this script phase.\necho \"SUCCESS\" > \"${SCRIPT_OUTPUT_FILE_0}\"\n";
			showEnvVarsInLog = 0;
		};
/* End PBXShellScriptBuildPhase section */

/* Begin PBXSourcesBuildPhase section */
		39F2A8762A9D3972004EBB9A /* Sources */ = {
			isa = PBXSourcesBuildPhase;
			buildActionMask = 2147483647;
			files = (
				397C85DD2B687FF700FB9DAD /* BarcodeScannerView.swift in Sources */,
				392D9BFB2B72CCB700166CF1 /* HistoryTab.swift in Sources */,
				392D9BF72B72CC8A00166CF1 /* HomeTab.swift in Sources */,
				392D9BF92B72CCA200166CF1 /* CheckTab.swift in Sources */,
				397C85DB2B686DF000FB9DAD /* CaptureView.swift in Sources */,
				392D9C092B743B5300166CF1 /* Config.swift in Sources */,
				392D9C0E2B755AE900166CF1 /* AnalysisResultView.swift in Sources */,
				397C85FA2B6B538500FB9DAD /* AuthController.swift in Sources */,
				392D9C062B72D58400166CF1 /* UserPreferences.swift in Sources */,
				39F2A87E2A9D3972004EBB9A /* IngrediCheckApp.swift in Sources */,
				397C86062B6C22B900FB9DAD /* BarcodeAnalysisView.swift in Sources */,
				392D9BF52B72CB0C00166CF1 /* LoggedInRootView.swift in Sources */,
				397C86012B6C090B00FB9DAD /* WebService.swift in Sources */,
				397DA1D72B7A9BB000BFB26F /* PreferenceExamples.swift in Sources */,
				393461CE2B93777200695FE5 /* FileCache.swift in Sources */,
				397DA1D92B7C153100BFB26F /* FeedbackView.swift in Sources */,
				392D9BFD2B72CCD300166CF1 /* SettingsTab.swift in Sources */,
				397C86042B6C1AF400FB9DAD /* SupabaseRequestBuilder.swift in Sources */,
				397C85D92B6858AC00FB9DAD /* ImageCaptureView.swift in Sources */,
				392D9C0C2B75500000166CF1 /* CapsuleWithDivider.swift in Sources */,
				3946B4472B6F423B00D8B7C9 /* LabelAnalysisView.swift in Sources */,
				397C85FF2B6C08FE00FB9DAD /* DTO.swift in Sources */,
			);
			runOnlyForDeploymentPostprocessing = 0;
		};
/* End PBXSourcesBuildPhase section */

/* Begin XCBuildConfiguration section */
		39F2A8862A9D3974004EBB9A /* Debug */ = {
			isa = XCBuildConfiguration;
			buildSettings = {
				ALWAYS_SEARCH_USER_PATHS = NO;
				ASSETCATALOG_COMPILER_GENERATE_SWIFT_ASSET_SYMBOL_EXTENSIONS = YES;
				CLANG_ANALYZER_NONNULL = YES;
				CLANG_ANALYZER_NUMBER_OBJECT_CONVERSION = YES_AGGRESSIVE;
				CLANG_CXX_LANGUAGE_STANDARD = "gnu++20";
				CLANG_ENABLE_MODULES = YES;
				CLANG_ENABLE_OBJC_ARC = YES;
				CLANG_ENABLE_OBJC_WEAK = YES;
				CLANG_WARN_BLOCK_CAPTURE_AUTORELEASING = YES;
				CLANG_WARN_BOOL_CONVERSION = YES;
				CLANG_WARN_COMMA = YES;
				CLANG_WARN_CONSTANT_CONVERSION = YES;
				CLANG_WARN_DEPRECATED_OBJC_IMPLEMENTATIONS = YES;
				CLANG_WARN_DIRECT_OBJC_ISA_USAGE = YES_ERROR;
				CLANG_WARN_DOCUMENTATION_COMMENTS = YES;
				CLANG_WARN_EMPTY_BODY = YES;
				CLANG_WARN_ENUM_CONVERSION = YES;
				CLANG_WARN_INFINITE_RECURSION = YES;
				CLANG_WARN_INT_CONVERSION = YES;
				CLANG_WARN_NON_LITERAL_NULL_CONVERSION = YES;
				CLANG_WARN_OBJC_IMPLICIT_RETAIN_SELF = YES;
				CLANG_WARN_OBJC_LITERAL_CONVERSION = YES;
				CLANG_WARN_OBJC_ROOT_CLASS = YES_ERROR;
				CLANG_WARN_QUOTED_INCLUDE_IN_FRAMEWORK_HEADER = YES;
				CLANG_WARN_RANGE_LOOP_ANALYSIS = YES;
				CLANG_WARN_STRICT_PROTOTYPES = YES;
				CLANG_WARN_SUSPICIOUS_MOVE = YES;
				CLANG_WARN_UNGUARDED_AVAILABILITY = YES_AGGRESSIVE;
				CLANG_WARN_UNREACHABLE_CODE = YES;
				CLANG_WARN__DUPLICATE_METHOD_MATCH = YES;
				COPY_PHASE_STRIP = NO;
				DEBUG_INFORMATION_FORMAT = dwarf;
				ENABLE_STRICT_OBJC_MSGSEND = YES;
				ENABLE_TESTABILITY = YES;
				ENABLE_USER_SCRIPT_SANDBOXING = NO;
				GCC_C_LANGUAGE_STANDARD = gnu11;
				GCC_DYNAMIC_NO_PIC = NO;
				GCC_NO_COMMON_BLOCKS = YES;
				GCC_OPTIMIZATION_LEVEL = 0;
				GCC_PREPROCESSOR_DEFINITIONS = (
					"DEBUG=1",
					"$(inherited)",
				);
				GCC_WARN_64_TO_32_BIT_CONVERSION = YES;
				GCC_WARN_ABOUT_RETURN_TYPE = YES_ERROR;
				GCC_WARN_UNDECLARED_SELECTOR = YES;
				GCC_WARN_UNINITIALIZED_AUTOS = YES_AGGRESSIVE;
				GCC_WARN_UNUSED_FUNCTION = YES;
				GCC_WARN_UNUSED_VARIABLE = YES;
				IPHONEOS_DEPLOYMENT_TARGET = 17.2;
				MTL_ENABLE_DEBUG_INFO = INCLUDE_SOURCE;
				MTL_FAST_MATH = YES;
				ONLY_ACTIVE_ARCH = YES;
				SDKROOT = iphoneos;
				SWIFT_ACTIVE_COMPILATION_CONDITIONS = DEBUG;
				SWIFT_OPTIMIZATION_LEVEL = "-Onone";
			};
			name = Debug;
		};
		39F2A8872A9D3974004EBB9A /* Release */ = {
			isa = XCBuildConfiguration;
			buildSettings = {
				ALWAYS_SEARCH_USER_PATHS = NO;
				ASSETCATALOG_COMPILER_GENERATE_SWIFT_ASSET_SYMBOL_EXTENSIONS = YES;
				CLANG_ANALYZER_NONNULL = YES;
				CLANG_ANALYZER_NUMBER_OBJECT_CONVERSION = YES_AGGRESSIVE;
				CLANG_CXX_LANGUAGE_STANDARD = "gnu++20";
				CLANG_ENABLE_MODULES = YES;
				CLANG_ENABLE_OBJC_ARC = YES;
				CLANG_ENABLE_OBJC_WEAK = YES;
				CLANG_WARN_BLOCK_CAPTURE_AUTORELEASING = YES;
				CLANG_WARN_BOOL_CONVERSION = YES;
				CLANG_WARN_COMMA = YES;
				CLANG_WARN_CONSTANT_CONVERSION = YES;
				CLANG_WARN_DEPRECATED_OBJC_IMPLEMENTATIONS = YES;
				CLANG_WARN_DIRECT_OBJC_ISA_USAGE = YES_ERROR;
				CLANG_WARN_DOCUMENTATION_COMMENTS = YES;
				CLANG_WARN_EMPTY_BODY = YES;
				CLANG_WARN_ENUM_CONVERSION = YES;
				CLANG_WARN_INFINITE_RECURSION = YES;
				CLANG_WARN_INT_CONVERSION = YES;
				CLANG_WARN_NON_LITERAL_NULL_CONVERSION = YES;
				CLANG_WARN_OBJC_IMPLICIT_RETAIN_SELF = YES;
				CLANG_WARN_OBJC_LITERAL_CONVERSION = YES;
				CLANG_WARN_OBJC_ROOT_CLASS = YES_ERROR;
				CLANG_WARN_QUOTED_INCLUDE_IN_FRAMEWORK_HEADER = YES;
				CLANG_WARN_RANGE_LOOP_ANALYSIS = YES;
				CLANG_WARN_STRICT_PROTOTYPES = YES;
				CLANG_WARN_SUSPICIOUS_MOVE = YES;
				CLANG_WARN_UNGUARDED_AVAILABILITY = YES_AGGRESSIVE;
				CLANG_WARN_UNREACHABLE_CODE = YES;
				CLANG_WARN__DUPLICATE_METHOD_MATCH = YES;
				COPY_PHASE_STRIP = NO;
				DEBUG_INFORMATION_FORMAT = "dwarf-with-dsym";
				ENABLE_NS_ASSERTIONS = NO;
				ENABLE_STRICT_OBJC_MSGSEND = YES;
				ENABLE_USER_SCRIPT_SANDBOXING = NO;
				GCC_C_LANGUAGE_STANDARD = gnu11;
				GCC_NO_COMMON_BLOCKS = YES;
				GCC_WARN_64_TO_32_BIT_CONVERSION = YES;
				GCC_WARN_ABOUT_RETURN_TYPE = YES_ERROR;
				GCC_WARN_UNDECLARED_SELECTOR = YES;
				GCC_WARN_UNINITIALIZED_AUTOS = YES_AGGRESSIVE;
				GCC_WARN_UNUSED_FUNCTION = YES;
				GCC_WARN_UNUSED_VARIABLE = YES;
				IPHONEOS_DEPLOYMENT_TARGET = 17.2;
				MTL_ENABLE_DEBUG_INFO = NO;
				MTL_FAST_MATH = YES;
				SDKROOT = iphoneos;
				SWIFT_COMPILATION_MODE = wholemodule;
				SWIFT_OPTIMIZATION_LEVEL = "-O";
				VALIDATE_PRODUCT = YES;
			};
			name = Release;
		};
		39F2A8892A9D3974004EBB9A /* Debug */ = {
			isa = XCBuildConfiguration;
			baseConfigurationReference = 038BC3CAB05638A45E54E91B /* Pods-IngrediCheck.debug.xcconfig */;
			buildSettings = {
				ASSETCATALOG_COMPILER_APPICON_NAME = AppIcon;
				CODE_SIGN_STYLE = Automatic;
				CURRENT_PROJECT_VERSION = 1;
				DEVELOPMENT_TEAM = 58MYNHGN72;
				ENABLE_PREVIEWS = YES;
				GENERATE_INFOPLIST_FILE = YES;
				INFOPLIST_FILE = IngrediCheck/Info.plist;
				INFOPLIST_KEY_NSCameraUsageDescription = "Gimme access pleeesh";
				INFOPLIST_KEY_UIApplicationSceneManifest_Generation = YES;
				INFOPLIST_KEY_UIApplicationSupportsIndirectInputEvents = YES;
				INFOPLIST_KEY_UILaunchScreen_Generation = YES;
				INFOPLIST_KEY_UISupportedInterfaceOrientations = "UIInterfaceOrientationPortrait UIInterfaceOrientationPortraitUpsideDown";
				INFOPLIST_KEY_UISupportedInterfaceOrientations_iPad = "UIInterfaceOrientationLandscapeLeft UIInterfaceOrientationLandscapeRight UIInterfaceOrientationPortrait UIInterfaceOrientationPortraitUpsideDown";
				IPHONEOS_DEPLOYMENT_TARGET = 17.2;
				LD_RUNPATH_SEARCH_PATHS = (
					"$(inherited)",
					"@executable_path/Frameworks",
				);
				MARKETING_VERSION = 1.0;
				PRODUCT_BUNDLE_IDENTIFIER = llc.fungee.ingredicheck;
				PRODUCT_NAME = "$(TARGET_NAME)";
				SUPPORTED_PLATFORMS = "iphoneos iphonesimulator";
				SUPPORTS_MACCATALYST = NO;
				SUPPORTS_MAC_DESIGNED_FOR_IPHONE_IPAD = NO;
				SUPPORTS_XR_DESIGNED_FOR_IPHONE_IPAD = NO;
				SWIFT_EMIT_LOC_STRINGS = YES;
				SWIFT_VERSION = 5.0;
				TARGETED_DEVICE_FAMILY = 1;
			};
			name = Debug;
		};
		39F2A88A2A9D3974004EBB9A /* Release */ = {
			isa = XCBuildConfiguration;
			baseConfigurationReference = 879618449883C38400FE7150 /* Pods-IngrediCheck.release.xcconfig */;
			buildSettings = {
				ASSETCATALOG_COMPILER_APPICON_NAME = AppIcon;
				CODE_SIGN_STYLE = Automatic;
				CURRENT_PROJECT_VERSION = 1;
				DEVELOPMENT_TEAM = 58MYNHGN72;
				ENABLE_PREVIEWS = YES;
				GENERATE_INFOPLIST_FILE = YES;
				INFOPLIST_FILE = IngrediCheck/Info.plist;
				INFOPLIST_KEY_NSCameraUsageDescription = "Gimme access pleeesh";
				INFOPLIST_KEY_UIApplicationSceneManifest_Generation = YES;
				INFOPLIST_KEY_UIApplicationSupportsIndirectInputEvents = YES;
				INFOPLIST_KEY_UILaunchScreen_Generation = YES;
				INFOPLIST_KEY_UISupportedInterfaceOrientations = "UIInterfaceOrientationPortrait UIInterfaceOrientationPortraitUpsideDown";
				INFOPLIST_KEY_UISupportedInterfaceOrientations_iPad = "UIInterfaceOrientationLandscapeLeft UIInterfaceOrientationLandscapeRight UIInterfaceOrientationPortrait UIInterfaceOrientationPortraitUpsideDown";
				IPHONEOS_DEPLOYMENT_TARGET = 17.2;
				LD_RUNPATH_SEARCH_PATHS = (
					"$(inherited)",
					"@executable_path/Frameworks",
				);
				MARKETING_VERSION = 1.0;
				PRODUCT_BUNDLE_IDENTIFIER = llc.fungee.ingredicheck;
				PRODUCT_NAME = "$(TARGET_NAME)";
				SUPPORTED_PLATFORMS = "iphoneos iphonesimulator";
				SUPPORTS_MACCATALYST = NO;
				SUPPORTS_MAC_DESIGNED_FOR_IPHONE_IPAD = NO;
				SUPPORTS_XR_DESIGNED_FOR_IPHONE_IPAD = NO;
				SWIFT_EMIT_LOC_STRINGS = YES;
				SWIFT_VERSION = 5.0;
				TARGETED_DEVICE_FAMILY = 1;
			};
			name = Release;
		};
/* End XCBuildConfiguration section */

/* Begin XCConfigurationList section */
		39F2A8752A9D3972004EBB9A /* Build configuration list for PBXProject "IngrediCheck" */ = {
			isa = XCConfigurationList;
			buildConfigurations = (
				39F2A8862A9D3974004EBB9A /* Debug */,
				39F2A8872A9D3974004EBB9A /* Release */,
			);
			defaultConfigurationIsVisible = 0;
			defaultConfigurationName = Release;
		};
		39F2A8882A9D3974004EBB9A /* Build configuration list for PBXNativeTarget "IngrediCheck" */ = {
			isa = XCConfigurationList;
			buildConfigurations = (
				39F2A8892A9D3974004EBB9A /* Debug */,
				39F2A88A2A9D3974004EBB9A /* Release */,
			);
			defaultConfigurationIsVisible = 0;
			defaultConfigurationName = Release;
		};
/* End XCConfigurationList section */

/* Begin XCRemoteSwiftPackageReference section */
		397C85E92B6B536100FB9DAD /* XCRemoteSwiftPackageReference "supabase-swift" */ = {
			isa = XCRemoteSwiftPackageReference;
			repositoryURL = "https://github.com/supabase/supabase-swift.git";
			requirement = {
				kind = upToNextMajorVersion;
				minimumVersion = 2.3.0;
			};
		};
		397C85F62B6B537600FB9DAD /* XCRemoteSwiftPackageReference "keychain-swift" */ = {
			isa = XCRemoteSwiftPackageReference;
			repositoryURL = "https://github.com/evgenyneu/keychain-swift.git";
			requirement = {
				kind = upToNextMajorVersion;
				minimumVersion = 21.0.0;
			};
		};
/* End XCRemoteSwiftPackageReference section */

/* Begin XCSwiftPackageProductDependency section */
		397C85EA2B6B536100FB9DAD /* Auth */ = {
			isa = XCSwiftPackageProductDependency;
			package = 397C85E92B6B536100FB9DAD /* XCRemoteSwiftPackageReference "supabase-swift" */;
			productName = Auth;
		};
		397C85EC2B6B536100FB9DAD /* Functions */ = {
			isa = XCSwiftPackageProductDependency;
			package = 397C85E92B6B536100FB9DAD /* XCRemoteSwiftPackageReference "supabase-swift" */;
			productName = Functions;
		};
		397C85EE2B6B536100FB9DAD /* PostgREST */ = {
			isa = XCSwiftPackageProductDependency;
			package = 397C85E92B6B536100FB9DAD /* XCRemoteSwiftPackageReference "supabase-swift" */;
			productName = PostgREST;
		};
		397C85F02B6B536100FB9DAD /* Realtime */ = {
			isa = XCSwiftPackageProductDependency;
			package = 397C85E92B6B536100FB9DAD /* XCRemoteSwiftPackageReference "supabase-swift" */;
			productName = Realtime;
		};
		397C85F22B6B536100FB9DAD /* Storage */ = {
			isa = XCSwiftPackageProductDependency;
			package = 397C85E92B6B536100FB9DAD /* XCRemoteSwiftPackageReference "supabase-swift" */;
			productName = Storage;
		};
		397C85F42B6B536100FB9DAD /* Supabase */ = {
			isa = XCSwiftPackageProductDependency;
			package = 397C85E92B6B536100FB9DAD /* XCRemoteSwiftPackageReference "supabase-swift" */;
			productName = Supabase;
		};
		397C85F72B6B537600FB9DAD /* KeychainSwift */ = {
			isa = XCSwiftPackageProductDependency;
			package = 397C85F62B6B537600FB9DAD /* XCRemoteSwiftPackageReference "keychain-swift" */;
			productName = KeychainSwift;
		};
/* End XCSwiftPackageProductDependency section */
	};
	rootObject = 39F2A8722A9D3972004EBB9A /* Project object */;
}
