// !$*UTF8*$!
{
	archiveVersion = 1;
	classes = {
	};
	objectVersion = 60;
	objects = {

/* Begin PBXBuildFile section */
		1F59877A2E30C51E00381E32 /* TipJarView.swift in Sources */ = {isa = PBXBuildFile; fileRef = 1F5987792E30C51E00381E32 /* TipJarView.swift */; };
		1F5987B42E30E56500381E32 /* TipJarConnectFile.storekit in Resources */ = {isa = PBXBuildFile; fileRef = 1F5987B32E30E56500381E32 /* TipJarConnectFile.storekit */; };
		1F5987B62E30E6DA00381E32 /* StoreKit.framework in Frameworks */ = {isa = PBXBuildFile; fileRef = 1F5987B52E30E6DA00381E32 /* StoreKit.framework */; };
		1F5987B82E30E74D00381E32 /* TipJarViewModel.swift in Sources */ = {isa = PBXBuildFile; fileRef = 1F5987B72E30E74D00381E32 /* TipJarViewModel.swift */; };
		1FF63CC32E31FBED005BEDF1 /* Constants.swift in Sources */ = {isa = PBXBuildFile; fileRef = 1FF63CC22E31FBED005BEDF1 /* Constants.swift */; };
		390F0CA42BA73ED7009081AD /* SwiftUIFlowLayout in Frameworks */ = {isa = PBXBuildFile; productRef = 390F0CA32BA73ED7009081AD /* SwiftUIFlowLayout */; };
		390F0CAA2BABA460009081AD /* Fancy3DotsIndexView.swift in Sources */ = {isa = PBXBuildFile; fileRef = 390F0CA92BABA45F009081AD /* Fancy3DotsIndexView.swift */; };
		390F0CAD2BACBF14009081AD /* SimpleToast in Frameworks */ = {isa = PBXBuildFile; productRef = 390F0CAC2BACBF14009081AD /* SimpleToast */; };
		390F0CAF2BACC50D009081AD /* ProductImagesView.swift in Sources */ = {isa = PBXBuildFile; fileRef = 390F0CAE2BACC50D009081AD /* ProductImagesView.swift */; };
		390F0D442BAE0D44009081AD /* View+Extensions.swift in Sources */ = {isa = PBXBuildFile; fileRef = 390F0D432BAE0D44009081AD /* View+Extensions.swift */; };
		392D9BF52B72CB0C00166CF1 /* LoggedInRootView.swift in Sources */ = {isa = PBXBuildFile; fileRef = 392D9BF42B72CB0C00166CF1 /* LoggedInRootView.swift */; };
		392D9BF72B72CC8A00166CF1 /* HomeTab.swift in Sources */ = {isa = PBXBuildFile; fileRef = 392D9BF62B72CC8A00166CF1 /* HomeTab.swift */; };
		392D9BF92B72CCA200166CF1 /* CheckTab.swift in Sources */ = {isa = PBXBuildFile; fileRef = 392D9BF82B72CCA200166CF1 /* CheckTab.swift */; };
		392D9BFD2B72CCD300166CF1 /* SettingsSheet.swift in Sources */ = {isa = PBXBuildFile; fileRef = 392D9BFC2B72CCD300166CF1 /* SettingsSheet.swift */; };
		392D9C062B72D58400166CF1 /* UserPreferences.swift in Sources */ = {isa = PBXBuildFile; fileRef = 392D9C052B72D58400166CF1 /* UserPreferences.swift */; };
		392D9C0C2B75500000166CF1 /* CapsuleWithDivider.swift in Sources */ = {isa = PBXBuildFile; fileRef = 392D9C0B2B75500000166CF1 /* CapsuleWithDivider.swift */; };
		392D9C0E2B755AE900166CF1 /* AnalysisResultView.swift in Sources */ = {isa = PBXBuildFile; fileRef = 392D9C0D2B755AE900166CF1 /* AnalysisResultView.swift */; };
		393461CE2B93777200695FE5 /* FileCache.swift in Sources */ = {isa = PBXBuildFile; fileRef = 393461CD2B93777200695FE5 /* FileCache.swift */; };
		39397AE92BC64A200096C5E3 /* ListsTab.swift in Sources */ = {isa = PBXBuildFile; fileRef = 39397AE82BC64A200096C5E3 /* ListsTab.swift */; };
		39397AED2BC6DA320096C5E3 /* SearchBar.swift in Sources */ = {isa = PBXBuildFile; fileRef = 39397AEC2BC6DA320096C5E3 /* SearchBar.swift */; };
		39397AF32BCB39EA0096C5E3 /* Splash.swift in Sources */ = {isa = PBXBuildFile; fileRef = 39397AF22BCB39EA0096C5E3 /* Splash.swift */; };
		3946B4472B6F423B00D8B7C9 /* LabelAnalysisView.swift in Sources */ = {isa = PBXBuildFile; fileRef = 3946B4462B6F423B00D8B7C9 /* LabelAnalysisView.swift */; };
		39498BF42C6CF2D70030FDE4 /* Config.swift in Sources */ = {isa = PBXBuildFile; fileRef = 39498BF32C6CF2D70030FDE4 /* Config.swift */; };
		39705AEA2BD47DEB000E487D /* OnboardingState.swift in Sources */ = {isa = PBXBuildFile; fileRef = 39705AE92BD47DEB000E487D /* OnboardingState.swift */; };
		39705AEC2BD48E2C000E487D /* UseCasesView.swift in Sources */ = {isa = PBXBuildFile; fileRef = 39705AEB2BD48E2C000E487D /* UseCasesView.swift */; };
		39705AEF2BD490D0000E487D /* DisclaimerView.swift in Sources */ = {isa = PBXBuildFile; fileRef = 39705AEE2BD490D0000E487D /* DisclaimerView.swift */; };
		39705AF12BD490DA000E487D /* SignInView.swift in Sources */ = {isa = PBXBuildFile; fileRef = 39705AF02BD490DA000E487D /* SignInView.swift */; };
		39705AF32BD49794000E487D /* NetworkState.swift in Sources */ = {isa = PBXBuildFile; fileRef = 39705AF22BD49794000E487D /* NetworkState.swift */; };
		3976C41B2BBEE1750026991A /* SafariView.swift in Sources */ = {isa = PBXBuildFile; fileRef = 3976C41A2BBEE1750026991A /* SafariView.swift */; };
		3976C41D2BBF12250026991A /* WebView.swift in Sources */ = {isa = PBXBuildFile; fileRef = 3976C41C2BBF12250026991A /* WebView.swift */; };
		3976C4212BC0B6AF0026991A /* ThreeDotsIndexView.swift in Sources */ = {isa = PBXBuildFile; fileRef = 3976C4202BC0B6AF0026991A /* ThreeDotsIndexView.swift */; };
		3976C4232BC32ED50026991A /* DietaryPreferences.swift in Sources */ = {isa = PBXBuildFile; fileRef = 3976C4222BC32ED50026991A /* DietaryPreferences.swift */; };
		397C85D92B6858AC00FB9DAD /* ImageCaptureView.swift in Sources */ = {isa = PBXBuildFile; fileRef = 397C85D82B6858AC00FB9DAD /* ImageCaptureView.swift */; };
		397C85DB2B686DF000FB9DAD /* CaptureView.swift in Sources */ = {isa = PBXBuildFile; fileRef = 397C85DA2B686DF000FB9DAD /* CaptureView.swift */; };
		397C85DD2B687FF700FB9DAD /* BarcodeScannerView.swift in Sources */ = {isa = PBXBuildFile; fileRef = 397C85DC2B687FF700FB9DAD /* BarcodeScannerView.swift */; };
		397C85F82B6B537600FB9DAD /* KeychainSwift in Frameworks */ = {isa = PBXBuildFile; productRef = 397C85F72B6B537600FB9DAD /* KeychainSwift */; };
		397C85FA2B6B538500FB9DAD /* AuthController.swift in Sources */ = {isa = PBXBuildFile; fileRef = 397C85F92B6B538500FB9DAD /* AuthController.swift */; };
		397C85FF2B6C08FE00FB9DAD /* DTO.swift in Sources */ = {isa = PBXBuildFile; fileRef = 397C85FE2B6C08FE00FB9DAD /* DTO.swift */; };
		397C86012B6C090B00FB9DAD /* WebService.swift in Sources */ = {isa = PBXBuildFile; fileRef = 397C86002B6C090B00FB9DAD /* WebService.swift */; };
		397C86042B6C1AF400FB9DAD /* SupabaseRequestBuilder.swift in Sources */ = {isa = PBXBuildFile; fileRef = 397C86032B6C1AF400FB9DAD /* SupabaseRequestBuilder.swift */; };
		397C86062B6C22B900FB9DAD /* BarcodeAnalysisView.swift in Sources */ = {isa = PBXBuildFile; fileRef = 397C86052B6C22B900FB9DAD /* BarcodeAnalysisView.swift */; };
		397DA1D72B7A9BB000BFB26F /* PreferenceExamples.swift in Sources */ = {isa = PBXBuildFile; fileRef = 397DA1D62B7A9BB000BFB26F /* PreferenceExamples.swift */; };
		397DA1D92B7C153100BFB26F /* FeedbackView.swift in Sources */ = {isa = PBXBuildFile; fileRef = 397DA1D82B7C153100BFB26F /* FeedbackView.swift */; };
		39F2A87E2A9D3972004EBB9A /* IngrediCheckApp.swift in Sources */ = {isa = PBXBuildFile; fileRef = 39F2A87D2A9D3972004EBB9A /* IngrediCheckApp.swift */; };
		39F2A8822A9D3974004EBB9A /* Assets.xcassets in Resources */ = {isa = PBXBuildFile; fileRef = 39F2A8812A9D3974004EBB9A /* Assets.xcassets */; };
		6DE200116213B24E1C560F3D /* Pods_IngrediCheck.framework in Frameworks */ = {isa = PBXBuildFile; fileRef = 34F508537B7942B4595A4776 /* Pods_IngrediCheck.framework */; };
		D35BCF262E27D5B600125580 /* Auth in Frameworks */ = {isa = PBXBuildFile; productRef = D35BCF252E27D5B600125580 /* Auth */; };
		D35BCF282E27D5B600125580 /* Storage in Frameworks */ = {isa = PBXBuildFile; productRef = D35BCF272E27D5B600125580 /* Storage */; };
		D35BCF2A2E27D5B600125580 /* Supabase in Frameworks */ = {isa = PBXBuildFile; productRef = D35BCF292E27D5B600125580 /* Supabase */; };
		D35F3C242E2A25FB0002CDE7 /* GoogleSignIn in Frameworks */ = {isa = PBXBuildFile; productRef = D35F3C232E2A25FB0002CDE7 /* GoogleSignIn */; };
		D35F3C262E2A25FB0002CDE7 /* GoogleSignInSwift in Frameworks */ = {isa = PBXBuildFile; productRef = D35F3C252E2A25FB0002CDE7 /* GoogleSignInSwift */; };
/* End PBXBuildFile section */

/* Begin PBXFileReference section */
		00C3CB2168DB5D0B155BBA8A /* Pods-IngrediCheck.release.xcconfig */ = {isa = PBXFileReference; includeInIndex = 1; lastKnownFileType = text.xcconfig; name = "Pods-IngrediCheck.release.xcconfig"; path = "Target Support Files/Pods-IngrediCheck/Pods-IngrediCheck.release.xcconfig"; sourceTree = "<group>"; };
		1F5987792E30C51E00381E32 /* TipJarView.swift */ = {isa = PBXFileReference; lastKnownFileType = sourcecode.swift; path = TipJarView.swift; sourceTree = "<group>"; };
		1F5987B32E30E56500381E32 /* TipJarConnectFile.storekit */ = {isa = PBXFileReference; lastKnownFileType = text; path = TipJarConnectFile.storekit; sourceTree = "<group>"; };
		1F5987B52E30E6DA00381E32 /* StoreKit.framework */ = {isa = PBXFileReference; lastKnownFileType = wrapper.framework; name = StoreKit.framework; path = System/Library/Frameworks/StoreKit.framework; sourceTree = SDKROOT; };
		1F5987B72E30E74D00381E32 /* TipJarViewModel.swift */ = {isa = PBXFileReference; lastKnownFileType = sourcecode.swift; path = TipJarViewModel.swift; sourceTree = "<group>"; };
		1FF63CC22E31FBED005BEDF1 /* Constants.swift */ = {isa = PBXFileReference; lastKnownFileType = sourcecode.swift; path = Constants.swift; sourceTree = "<group>"; };
		34F508537B7942B4595A4776 /* Pods_IngrediCheck.framework */ = {isa = PBXFileReference; explicitFileType = wrapper.framework; includeInIndex = 0; path = Pods_IngrediCheck.framework; sourceTree = BUILT_PRODUCTS_DIR; };
		390F0CA92BABA45F009081AD /* Fancy3DotsIndexView.swift */ = {isa = PBXFileReference; lastKnownFileType = sourcecode.swift; path = Fancy3DotsIndexView.swift; sourceTree = "<group>"; };
		390F0CAE2BACC50D009081AD /* ProductImagesView.swift */ = {isa = PBXFileReference; lastKnownFileType = sourcecode.swift; path = ProductImagesView.swift; sourceTree = "<group>"; };
		390F0D432BAE0D44009081AD /* View+Extensions.swift */ = {isa = PBXFileReference; lastKnownFileType = sourcecode.swift; path = "View+Extensions.swift"; sourceTree = "<group>"; };
		392D9BF42B72CB0C00166CF1 /* LoggedInRootView.swift */ = {isa = PBXFileReference; lastKnownFileType = sourcecode.swift; path = LoggedInRootView.swift; sourceTree = "<group>"; };
		392D9BF62B72CC8A00166CF1 /* HomeTab.swift */ = {isa = PBXFileReference; lastKnownFileType = sourcecode.swift; path = HomeTab.swift; sourceTree = "<group>"; };
		392D9BF82B72CCA200166CF1 /* CheckTab.swift */ = {isa = PBXFileReference; lastKnownFileType = sourcecode.swift; path = CheckTab.swift; sourceTree = "<group>"; };
		392D9BFC2B72CCD300166CF1 /* SettingsSheet.swift */ = {isa = PBXFileReference; lastKnownFileType = sourcecode.swift; path = SettingsSheet.swift; sourceTree = "<group>"; };
		392D9C052B72D58400166CF1 /* UserPreferences.swift */ = {isa = PBXFileReference; lastKnownFileType = sourcecode.swift; path = UserPreferences.swift; sourceTree = "<group>"; };
		392D9C072B73665500166CF1 /* Info.plist */ = {isa = PBXFileReference; lastKnownFileType = text.plist; path = Info.plist; sourceTree = "<group>"; };
		392D9C0B2B75500000166CF1 /* CapsuleWithDivider.swift */ = {isa = PBXFileReference; lastKnownFileType = sourcecode.swift; path = CapsuleWithDivider.swift; sourceTree = "<group>"; };
		392D9C0D2B755AE900166CF1 /* AnalysisResultView.swift */ = {isa = PBXFileReference; lastKnownFileType = sourcecode.swift; path = AnalysisResultView.swift; sourceTree = "<group>"; };
		393461CD2B93777200695FE5 /* FileCache.swift */ = {isa = PBXFileReference; lastKnownFileType = sourcecode.swift; path = FileCache.swift; sourceTree = "<group>"; };
		39397AE82BC64A200096C5E3 /* ListsTab.swift */ = {isa = PBXFileReference; lastKnownFileType = sourcecode.swift; path = ListsTab.swift; sourceTree = "<group>"; };
		39397AEC2BC6DA320096C5E3 /* SearchBar.swift */ = {isa = PBXFileReference; lastKnownFileType = sourcecode.swift; path = SearchBar.swift; sourceTree = "<group>"; };
		39397AF22BCB39EA0096C5E3 /* Splash.swift */ = {isa = PBXFileReference; lastKnownFileType = sourcecode.swift; path = Splash.swift; sourceTree = "<group>"; };
		3946B4462B6F423B00D8B7C9 /* LabelAnalysisView.swift */ = {isa = PBXFileReference; lastKnownFileType = sourcecode.swift; path = LabelAnalysisView.swift; sourceTree = "<group>"; };
		39498BF32C6CF2D70030FDE4 /* Config.swift */ = {isa = PBXFileReference; lastKnownFileType = sourcecode.swift; path = Config.swift; sourceTree = "<group>"; };
		39705AE92BD47DEB000E487D /* OnboardingState.swift */ = {isa = PBXFileReference; lastKnownFileType = sourcecode.swift; path = OnboardingState.swift; sourceTree = "<group>"; };
		39705AEB2BD48E2C000E487D /* UseCasesView.swift */ = {isa = PBXFileReference; lastKnownFileType = sourcecode.swift; path = UseCasesView.swift; sourceTree = "<group>"; };
		39705AEE2BD490D0000E487D /* DisclaimerView.swift */ = {isa = PBXFileReference; lastKnownFileType = sourcecode.swift; path = DisclaimerView.swift; sourceTree = "<group>"; };
		39705AF02BD490DA000E487D /* SignInView.swift */ = {isa = PBXFileReference; lastKnownFileType = sourcecode.swift; path = SignInView.swift; sourceTree = "<group>"; };
		39705AF22BD49794000E487D /* NetworkState.swift */ = {isa = PBXFileReference; lastKnownFileType = sourcecode.swift; path = NetworkState.swift; sourceTree = "<group>"; };
		39705AF42BD5AC38000E487D /* IngrediCheck.entitlements */ = {isa = PBXFileReference; lastKnownFileType = text.plist.entitlements; path = IngrediCheck.entitlements; sourceTree = "<group>"; };
		3976C41A2BBEE1750026991A /* SafariView.swift */ = {isa = PBXFileReference; lastKnownFileType = sourcecode.swift; path = SafariView.swift; sourceTree = "<group>"; };
		3976C41C2BBF12250026991A /* WebView.swift */ = {isa = PBXFileReference; lastKnownFileType = sourcecode.swift; path = WebView.swift; sourceTree = "<group>"; };
		3976C4202BC0B6AF0026991A /* ThreeDotsIndexView.swift */ = {isa = PBXFileReference; lastKnownFileType = sourcecode.swift; path = ThreeDotsIndexView.swift; sourceTree = "<group>"; };
		3976C4222BC32ED50026991A /* DietaryPreferences.swift */ = {isa = PBXFileReference; lastKnownFileType = sourcecode.swift; path = DietaryPreferences.swift; sourceTree = "<group>"; };
		397C85D82B6858AC00FB9DAD /* ImageCaptureView.swift */ = {isa = PBXFileReference; lastKnownFileType = sourcecode.swift; path = ImageCaptureView.swift; sourceTree = "<group>"; };
		397C85DA2B686DF000FB9DAD /* CaptureView.swift */ = {isa = PBXFileReference; lastKnownFileType = sourcecode.swift; path = CaptureView.swift; sourceTree = "<group>"; };
		397C85DC2B687FF700FB9DAD /* BarcodeScannerView.swift */ = {isa = PBXFileReference; lastKnownFileType = sourcecode.swift; path = BarcodeScannerView.swift; sourceTree = "<group>"; };
		397C85F92B6B538500FB9DAD /* AuthController.swift */ = {isa = PBXFileReference; lastKnownFileType = sourcecode.swift; path = AuthController.swift; sourceTree = "<group>"; };
		397C85FE2B6C08FE00FB9DAD /* DTO.swift */ = {isa = PBXFileReference; lastKnownFileType = sourcecode.swift; path = DTO.swift; sourceTree = "<group>"; };
		397C86002B6C090B00FB9DAD /* WebService.swift */ = {isa = PBXFileReference; lastKnownFileType = sourcecode.swift; path = WebService.swift; sourceTree = "<group>"; };
		397C86032B6C1AF400FB9DAD /* SupabaseRequestBuilder.swift */ = {isa = PBXFileReference; lastKnownFileType = sourcecode.swift; path = SupabaseRequestBuilder.swift; sourceTree = "<group>"; };
		397C86052B6C22B900FB9DAD /* BarcodeAnalysisView.swift */ = {isa = PBXFileReference; lastKnownFileType = sourcecode.swift; path = BarcodeAnalysisView.swift; sourceTree = "<group>"; };
		397DA1D62B7A9BB000BFB26F /* PreferenceExamples.swift */ = {isa = PBXFileReference; lastKnownFileType = sourcecode.swift; path = PreferenceExamples.swift; sourceTree = "<group>"; };
		397DA1D82B7C153100BFB26F /* FeedbackView.swift */ = {isa = PBXFileReference; lastKnownFileType = sourcecode.swift; path = FeedbackView.swift; sourceTree = "<group>"; };
		39F2A87A2A9D3972004EBB9A /* IngrediCheck.app */ = {isa = PBXFileReference; explicitFileType = wrapper.application; includeInIndex = 0; path = IngrediCheck.app; sourceTree = BUILT_PRODUCTS_DIR; };
		39F2A87D2A9D3972004EBB9A /* IngrediCheckApp.swift */ = {isa = PBXFileReference; lastKnownFileType = sourcecode.swift; path = IngrediCheckApp.swift; sourceTree = "<group>"; };
		39F2A8812A9D3974004EBB9A /* Assets.xcassets */ = {isa = PBXFileReference; lastKnownFileType = folder.assetcatalog; path = Assets.xcassets; sourceTree = "<group>"; };
		D0E5B60D0A7B55350F0AE895 /* Pods-IngrediCheck.debug.xcconfig */ = {isa = PBXFileReference; includeInIndex = 1; lastKnownFileType = text.xcconfig; name = "Pods-IngrediCheck.debug.xcconfig"; path = "Target Support Files/Pods-IngrediCheck/Pods-IngrediCheck.debug.xcconfig"; sourceTree = "<group>"; };
/* End PBXFileReference section */

/* Begin PBXFrameworksBuildPhase section */
		39F2A8772A9D3972004EBB9A /* Frameworks */ = {
			isa = PBXFrameworksBuildPhase;
			buildActionMask = 2147483647;
			files = (
				D35F3C262E2A25FB0002CDE7 /* GoogleSignInSwift in Frameworks */,
				D35BCF2A2E27D5B600125580 /* Supabase in Frameworks */,
				D35F3C242E2A25FB0002CDE7 /* GoogleSignIn in Frameworks */,
				D35BCF282E27D5B600125580 /* Storage in Frameworks */,
				390F0CA42BA73ED7009081AD /* SwiftUIFlowLayout in Frameworks */,
				390F0CAD2BACBF14009081AD /* SimpleToast in Frameworks */,
				397C85F82B6B537600FB9DAD /* KeychainSwift in Frameworks */,
				1F5987B62E30E6DA00381E32 /* StoreKit.framework in Frameworks */,
				D35BCF262E27D5B600125580 /* Auth in Frameworks */,
				6DE200116213B24E1C560F3D /* Pods_IngrediCheck.framework in Frameworks */,
			);
			runOnlyForDeploymentPostprocessing = 0;
		};
/* End PBXFrameworksBuildPhase section */

/* Begin PBXGroup section */
		1F5987782E30C4F200381E32 /* TipJar */ = {
			isa = PBXGroup;
			children = (
				1F5987792E30C51E00381E32 /* TipJarView.swift */,
				1F5987B72E30E74D00381E32 /* TipJarViewModel.swift */,
			);
			path = TipJar;
			sourceTree = "<group>";
		};
		1FF63CC92E32020C005BEDF1 /* Utilities */ = {
			isa = PBXGroup;
			children = (
				1FF63CC72E3201DB005BEDF1 /* Constants.swift */,
			);
			path = Utilities;
			sourceTree = "<group>";
		};
		392D9BF32B72CB0100166CF1 /* Tabs */ = {
			isa = PBXGroup;
			children = (
				392D9BF42B72CB0C00166CF1 /* LoggedInRootView.swift */,
				392D9BF62B72CC8A00166CF1 /* HomeTab.swift */,
				392D9BF82B72CCA200166CF1 /* CheckTab.swift */,
				392D9BFC2B72CCD300166CF1 /* SettingsSheet.swift */,
				39397AE82BC64A200096C5E3 /* ListsTab.swift */,
			);
			path = Tabs;
			sourceTree = "<group>";
		};
		392D9C042B72D56700166CF1 /* Store */ = {
			isa = PBXGroup;
			children = (
				397C85F92B6B538500FB9DAD /* AuthController.swift */,
				392D9C052B72D58400166CF1 /* UserPreferences.swift */,
				397DA1D62B7A9BB000BFB26F /* PreferenceExamples.swift */,
				393461CD2B93777200695FE5 /* FileCache.swift */,
				3976C4222BC32ED50026991A /* DietaryPreferences.swift */,
				39705AE92BD47DEB000E487D /* OnboardingState.swift */,
				39705AF22BD49794000E487D /* NetworkState.swift */,
			);
			path = Store;
			sourceTree = "<group>";
		};
		392D9C0A2B754FDA00166CF1 /* Lib */ = {
			isa = PBXGroup;
			children = (
				392D9C0B2B75500000166CF1 /* CapsuleWithDivider.swift */,
				397DA1D82B7C153100BFB26F /* FeedbackView.swift */,
				390F0CA92BABA45F009081AD /* Fancy3DotsIndexView.swift */,
				390F0D432BAE0D44009081AD /* View+Extensions.swift */,
				3976C41A2BBEE1750026991A /* SafariView.swift */,
				3976C41C2BBF12250026991A /* WebView.swift */,
				3976C4202BC0B6AF0026991A /* ThreeDotsIndexView.swift */,
				39397AEC2BC6DA320096C5E3 /* SearchBar.swift */,
				39397AF22BCB39EA0096C5E3 /* Splash.swift */,
			);
			path = Lib;
			sourceTree = "<group>";
		};
		39705AED2BD490BC000E487D /* Onboarding */ = {
			isa = PBXGroup;
			children = (
				39705AEB2BD48E2C000E487D /* UseCasesView.swift */,
				39705AEE2BD490D0000E487D /* DisclaimerView.swift */,
				39705AF02BD490DA000E487D /* SignInView.swift */,
			);
			path = Onboarding;
			sourceTree = "<group>";
		};
		397C86022B6C16F500FB9DAD /* Views */ = {
			isa = PBXGroup;
			children = (
				1F5987782E30C4F200381E32 /* TipJar */,
				39705AED2BD490BC000E487D /* Onboarding */,
				392D9C0A2B754FDA00166CF1 /* Lib */,
				392D9BF32B72CB0100166CF1 /* Tabs */,
				397C85DA2B686DF000FB9DAD /* CaptureView.swift */,
				397C85D82B6858AC00FB9DAD /* ImageCaptureView.swift */,
				397C85DC2B687FF700FB9DAD /* BarcodeScannerView.swift */,
				397C86052B6C22B900FB9DAD /* BarcodeAnalysisView.swift */,
				3946B4462B6F423B00D8B7C9 /* LabelAnalysisView.swift */,
				392D9C0D2B755AE900166CF1 /* AnalysisResultView.swift */,
				390F0CAE2BACC50D009081AD /* ProductImagesView.swift */,
			);
			path = Views;
			sourceTree = "<group>";
		};
		39F2A8712A9D3972004EBB9A = {
			isa = PBXGroup;
			children = (
				39F2A87C2A9D3972004EBB9A /* IngrediCheck */,
				39F2A87B2A9D3972004EBB9A /* Products */,
				6129BCCF6EBB4E1C75C2304C /* Pods */,
				693CA082C10D7643322619FF /* Frameworks */,
			);
			sourceTree = "<group>";
		};
		39F2A87B2A9D3972004EBB9A /* Products */ = {
			isa = PBXGroup;
			children = (
				39F2A87A2A9D3972004EBB9A /* IngrediCheck.app */,
			);
			name = Products;
			sourceTree = "<group>";
		};
		39F2A87C2A9D3972004EBB9A /* IngrediCheck */ = {
			isa = PBXGroup;
			children = (
				1FF63CC92E32020C005BEDF1 /* Utilities */,
				39705AF42BD5AC38000E487D /* IngrediCheck.entitlements */,
				392D9C072B73665500166CF1 /* Info.plist */,
				392D9C042B72D56700166CF1 /* Store */,
				397C86022B6C16F500FB9DAD /* Views */,
				39F2A87D2A9D3972004EBB9A /* IngrediCheckApp.swift */,
				39F2A8812A9D3974004EBB9A /* Assets.xcassets */,
				397C85FE2B6C08FE00FB9DAD /* DTO.swift */,
				397C86002B6C090B00FB9DAD /* WebService.swift */,
				397C86032B6C1AF400FB9DAD /* SupabaseRequestBuilder.swift */,
				39498BF32C6CF2D70030FDE4 /* Config.swift */,
				1F5987B32E30E56500381E32 /* TipJarConnectFile.storekit */,
			);
			path = IngrediCheck;
			sourceTree = "<group>";
		};
		6129BCCF6EBB4E1C75C2304C /* Pods */ = {
			isa = PBXGroup;
			children = (
				D0E5B60D0A7B55350F0AE895 /* Pods-IngrediCheck.debug.xcconfig */,
				00C3CB2168DB5D0B155BBA8A /* Pods-IngrediCheck.release.xcconfig */,
			);
			path = Pods;
			sourceTree = "<group>";
		};
		693CA082C10D7643322619FF /* Frameworks */ = {
			isa = PBXGroup;
			children = (
				1F5987B52E30E6DA00381E32 /* StoreKit.framework */,
				34F508537B7942B4595A4776 /* Pods_IngrediCheck.framework */,
			);
			name = Frameworks;
			sourceTree = "<group>";
		};
/* End PBXGroup section */

/* Begin PBXNativeTarget section */
		39F2A8792A9D3972004EBB9A /* IngrediCheck */ = {
			isa = PBXNativeTarget;
			buildConfigurationList = 39F2A8882A9D3974004EBB9A /* Build configuration list for PBXNativeTarget "IngrediCheck" */;
			buildPhases = (
				D06D95DDB92A7BAB8D7F9758 /* [CP] Check Pods Manifest.lock */,
				39F2A8762A9D3972004EBB9A /* Sources */,
				39F2A8772A9D3972004EBB9A /* Frameworks */,
				39F2A8782A9D3972004EBB9A /* Resources */,
				E77981D4ED072D0D1B2296BE /* [CP] Embed Pods Frameworks */,
				8AB723D58DA0419B2D523289 /* [CP] Copy Pods Resources */,
			);
			buildRules = (
			);
			dependencies = (
			);
			name = IngrediCheck;
			packageProductDependencies = (
				397C85F72B6B537600FB9DAD /* KeychainSwift */,
				390F0CA32BA73ED7009081AD /* SwiftUIFlowLayout */,
				390F0CAC2BACBF14009081AD /* SimpleToast */,
				D35BCF252E27D5B600125580 /* Auth */,
				D35BCF272E27D5B600125580 /* Storage */,
				D35BCF292E27D5B600125580 /* Supabase */,
				D35F3C232E2A25FB0002CDE7 /* GoogleSignIn */,
				D35F3C252E2A25FB0002CDE7 /* GoogleSignInSwift */,
			);
			productName = IngrediCheck;
			productReference = 39F2A87A2A9D3972004EBB9A /* IngrediCheck.app */;
			productType = "com.apple.product-type.application";
		};
/* End PBXNativeTarget section */

/* Begin PBXProject section */
		39F2A8722A9D3972004EBB9A /* Project object */ = {
			isa = PBXProject;
			attributes = {
				BuildIndependentTargetsInParallel = 1;
				LastSwiftUpdateCheck = 1430;
				LastUpgradeCheck = 1520;
				TargetAttributes = {
					39F2A8792A9D3972004EBB9A = {
						CreatedOnToolsVersion = 14.3.1;
					};
				};
			};
			buildConfigurationList = 39F2A8752A9D3972004EBB9A /* Build configuration list for PBXProject "IngrediCheck" */;
			compatibilityVersion = "Xcode 15.0";
			developmentRegion = en;
			hasScannedForEncodings = 0;
			knownRegions = (
				en,
				Base,
			);
			mainGroup = 39F2A8712A9D3972004EBB9A;
			packageReferences = (
				397C85F62B6B537600FB9DAD /* XCRemoteSwiftPackageReference "keychain-swift" */,
				390F0CA22BA73ED7009081AD /* XCRemoteSwiftPackageReference "swiftui-flow-layout" */,
				390F0CAB2BACBF14009081AD /* XCRemoteSwiftPackageReference "SimpleToast" */,
				D35BCF242E27D5B600125580 /* XCRemoteSwiftPackageReference "supabase-swift" */,
				D35F3C222E2A25FB0002CDE7 /* XCRemoteSwiftPackageReference "GoogleSignIn-iOS" */,
			);
			productRefGroup = 39F2A87B2A9D3972004EBB9A /* Products */;
			projectDirPath = "";
			projectRoot = "";
			targets = (
				39F2A8792A9D3972004EBB9A /* IngrediCheck */,
			);
		};
/* End PBXProject section */

/* Begin PBXResourcesBuildPhase section */
		39F2A8782A9D3972004EBB9A /* Resources */ = {
			isa = PBXResourcesBuildPhase;
			buildActionMask = 2147483647;
			files = (
				39F2A8822A9D3974004EBB9A /* Assets.xcassets in Resources */,
				1F5987B42E30E56500381E32 /* TipJarConnectFile.storekit in Resources */,
			);
			runOnlyForDeploymentPostprocessing = 0;
		};
/* End PBXResourcesBuildPhase section */

/* Begin PBXShellScriptBuildPhase section */
		8AB723D58DA0419B2D523289 /* [CP] Copy Pods Resources */ = {
			isa = PBXShellScriptBuildPhase;
			buildActionMask = 2147483647;
			files = (
			);
			inputFileListPaths = (
				"${PODS_ROOT}/Target Support Files/Pods-IngrediCheck/Pods-IngrediCheck-resources-${CONFIGURATION}-input-files.xcfilelist",
			);
			inputPaths = (
			);
			name = "[CP] Copy Pods Resources";
			outputFileListPaths = (
				"${PODS_ROOT}/Target Support Files/Pods-IngrediCheck/Pods-IngrediCheck-resources-${CONFIGURATION}-output-files.xcfilelist",
			);
			outputPaths = (
			);
			runOnlyForDeploymentPostprocessing = 0;
			shellPath = /bin/sh;
			shellScript = "\"${PODS_ROOT}/Target Support Files/Pods-IngrediCheck/Pods-IngrediCheck-resources.sh\"\n";
			showEnvVarsInLog = 0;
		};
		D06D95DDB92A7BAB8D7F9758 /* [CP] Check Pods Manifest.lock */ = {
			isa = PBXShellScriptBuildPhase;
			buildActionMask = 2147483647;
			files = (
			);
			inputFileListPaths = (
			);
			inputPaths = (
				"${PODS_PODFILE_DIR_PATH}/Podfile.lock",
				"${PODS_ROOT}/Manifest.lock",
			);
			name = "[CP] Check Pods Manifest.lock";
			outputFileListPaths = (
			);
			outputPaths = (
				"$(DERIVED_FILE_DIR)/Pods-IngrediCheck-checkManifestLockResult.txt",
			);
			runOnlyForDeploymentPostprocessing = 0;
			shellPath = /bin/sh;
			shellScript = "diff \"${PODS_PODFILE_DIR_PATH}/Podfile.lock\" \"${PODS_ROOT}/Manifest.lock\" > /dev/null\nif [ $? != 0 ] ; then\n    # print error to STDERR\n    echo \"error: The sandbox is not in sync with the Podfile.lock. Run 'pod install' or update your CocoaPods installation.\" >&2\n    exit 1\nfi\n# This output is used by Xcode 'outputs' to avoid re-running this script phase.\necho \"SUCCESS\" > \"${SCRIPT_OUTPUT_FILE_0}\"\n";
			showEnvVarsInLog = 0;
		};
		E77981D4ED072D0D1B2296BE /* [CP] Embed Pods Frameworks */ = {
			isa = PBXShellScriptBuildPhase;
			buildActionMask = 2147483647;
			files = (
			);
			inputFileListPaths = (
				"${PODS_ROOT}/Target Support Files/Pods-IngrediCheck/Pods-IngrediCheck-frameworks-${CONFIGURATION}-input-files.xcfilelist",
			);
			inputPaths = (
			);
			name = "[CP] Embed Pods Frameworks";
			outputFileListPaths = (
				"${PODS_ROOT}/Target Support Files/Pods-IngrediCheck/Pods-IngrediCheck-frameworks-${CONFIGURATION}-output-files.xcfilelist",
			);
			outputPaths = (
			);
			runOnlyForDeploymentPostprocessing = 0;
			shellPath = /bin/sh;
			shellScript = "\"${PODS_ROOT}/Target Support Files/Pods-IngrediCheck/Pods-IngrediCheck-frameworks.sh\"\n";
			showEnvVarsInLog = 0;
		};
/* End PBXShellScriptBuildPhase section */

/* Begin PBXSourcesBuildPhase section */
		39F2A8762A9D3972004EBB9A /* Sources */ = {
			isa = PBXSourcesBuildPhase;
			buildActionMask = 2147483647;
			files = (
				397C85DD2B687FF700FB9DAD /* BarcodeScannerView.swift in Sources */,
				3976C41B2BBEE1750026991A /* SafariView.swift in Sources */,
				392D9BF72B72CC8A00166CF1 /* HomeTab.swift in Sources */,
				392D9BF92B72CCA200166CF1 /* CheckTab.swift in Sources */,
				397C85DB2B686DF000FB9DAD /* CaptureView.swift in Sources */,
				39397AED2BC6DA320096C5E3 /* SearchBar.swift in Sources */,
				390F0CAA2BABA460009081AD /* Fancy3DotsIndexView.swift in Sources */,
				392D9C0E2B755AE900166CF1 /* AnalysisResultView.swift in Sources */,
				397C85FA2B6B538500FB9DAD /* AuthController.swift in Sources */,
				39397AF32BCB39EA0096C5E3 /* Splash.swift in Sources */,
				392D9C062B72D58400166CF1 /* UserPreferences.swift in Sources */,
				39F2A87E2A9D3972004EBB9A /* IngrediCheckApp.swift in Sources */,
				1F59877A2E30C51E00381E32 /* TipJarView.swift in Sources */,
				3976C4212BC0B6AF0026991A /* ThreeDotsIndexView.swift in Sources */,
				397C86062B6C22B900FB9DAD /* BarcodeAnalysisView.swift in Sources */,
				1FF63CC82E3201DB005BEDF1 /* Constants.swift in Sources */,
				390F0CAF2BACC50D009081AD /* ProductImagesView.swift in Sources */,
				392D9BF52B72CB0C00166CF1 /* LoggedInRootView.swift in Sources */,
				397C86012B6C090B00FB9DAD /* WebService.swift in Sources */,
				397DA1D72B7A9BB000BFB26F /* PreferenceExamples.swift in Sources */,
				393461CE2B93777200695FE5 /* FileCache.swift in Sources */,
				39705AEA2BD47DEB000E487D /* OnboardingState.swift in Sources */,
				39705AEC2BD48E2C000E487D /* UseCasesView.swift in Sources */,
				397DA1D92B7C153100BFB26F /* FeedbackView.swift in Sources */,
				392D9BFD2B72CCD300166CF1 /* SettingsSheet.swift in Sources */,
				39705AF32BD49794000E487D /* NetworkState.swift in Sources */,
				3976C4232BC32ED50026991A /* DietaryPreferences.swift in Sources */,
				390F0D442BAE0D44009081AD /* View+Extensions.swift in Sources */,
				397C86042B6C1AF400FB9DAD /* SupabaseRequestBuilder.swift in Sources */,
				397C85D92B6858AC00FB9DAD /* ImageCaptureView.swift in Sources */,
				39397AE92BC64A200096C5E3 /* ListsTab.swift in Sources */,
				1F5987B82E30E74D00381E32 /* TipJarViewModel.swift in Sources */,
				39498BF42C6CF2D70030FDE4 /* Config.swift in Sources */,
				39705AF12BD490DA000E487D /* SignInView.swift in Sources */,
				392D9C0C2B75500000166CF1 /* CapsuleWithDivider.swift in Sources */,
				3976C41D2BBF12250026991A /* WebView.swift in Sources */,
				3946B4472B6F423B00D8B7C9 /* LabelAnalysisView.swift in Sources */,
				397C85FF2B6C08FE00FB9DAD /* DTO.swift in Sources */,
				39705AEF2BD490D0000E487D /* DisclaimerView.swift in Sources */,
			);
			runOnlyForDeploymentPostprocessing = 0;
		};
/* End PBXSourcesBuildPhase section */

/* Begin XCBuildConfiguration section */
		39F2A8862A9D3974004EBB9A /* Debug */ = {
			isa = XCBuildConfiguration;
			buildSettings = {
				ALWAYS_SEARCH_USER_PATHS = NO;
				ASSETCATALOG_COMPILER_GENERATE_SWIFT_ASSET_SYMBOL_EXTENSIONS = YES;
				CLANG_ANALYZER_NONNULL = YES;
				CLANG_ANALYZER_NUMBER_OBJECT_CONVERSION = YES_AGGRESSIVE;
				CLANG_CXX_LANGUAGE_STANDARD = "gnu++20";
				CLANG_ENABLE_MODULES = YES;
				CLANG_ENABLE_OBJC_ARC = YES;
				CLANG_ENABLE_OBJC_WEAK = YES;
				CLANG_WARN_BLOCK_CAPTURE_AUTORELEASING = YES;
				CLANG_WARN_BOOL_CONVERSION = YES;
				CLANG_WARN_COMMA = YES;
				CLANG_WARN_CONSTANT_CONVERSION = YES;
				CLANG_WARN_DEPRECATED_OBJC_IMPLEMENTATIONS = YES;
				CLANG_WARN_DIRECT_OBJC_ISA_USAGE = YES_ERROR;
				CLANG_WARN_DOCUMENTATION_COMMENTS = YES;
				CLANG_WARN_EMPTY_BODY = YES;
				CLANG_WARN_ENUM_CONVERSION = YES;
				CLANG_WARN_INFINITE_RECURSION = YES;
				CLANG_WARN_INT_CONVERSION = YES;
				CLANG_WARN_NON_LITERAL_NULL_CONVERSION = YES;
				CLANG_WARN_OBJC_IMPLICIT_RETAIN_SELF = YES;
				CLANG_WARN_OBJC_LITERAL_CONVERSION = YES;
				CLANG_WARN_OBJC_ROOT_CLASS = YES_ERROR;
				CLANG_WARN_QUOTED_INCLUDE_IN_FRAMEWORK_HEADER = YES;
				CLANG_WARN_RANGE_LOOP_ANALYSIS = YES;
				CLANG_WARN_STRICT_PROTOTYPES = YES;
				CLANG_WARN_SUSPICIOUS_MOVE = YES;
				CLANG_WARN_UNGUARDED_AVAILABILITY = YES_AGGRESSIVE;
				CLANG_WARN_UNREACHABLE_CODE = YES;
				CLANG_WARN__DUPLICATE_METHOD_MATCH = YES;
				COPY_PHASE_STRIP = NO;
				DEBUG_INFORMATION_FORMAT = dwarf;
				ENABLE_STRICT_OBJC_MSGSEND = YES;
				ENABLE_TESTABILITY = YES;
				ENABLE_USER_SCRIPT_SANDBOXING = NO;
				GCC_C_LANGUAGE_STANDARD = gnu11;
				GCC_DYNAMIC_NO_PIC = NO;
				GCC_NO_COMMON_BLOCKS = YES;
				GCC_OPTIMIZATION_LEVEL = 0;
				GCC_PREPROCESSOR_DEFINITIONS = (
					"DEBUG=1",
					"$(inherited)",
				);
				GCC_WARN_64_TO_32_BIT_CONVERSION = YES;
				GCC_WARN_ABOUT_RETURN_TYPE = YES_ERROR;
				GCC_WARN_UNDECLARED_SELECTOR = YES;
				GCC_WARN_UNINITIALIZED_AUTOS = YES_AGGRESSIVE;
				GCC_WARN_UNUSED_FUNCTION = YES;
				GCC_WARN_UNUSED_VARIABLE = YES;
				IPHONEOS_DEPLOYMENT_TARGET = 17.2;
				MTL_ENABLE_DEBUG_INFO = INCLUDE_SOURCE;
				MTL_FAST_MATH = YES;
				ONLY_ACTIVE_ARCH = YES;
				SDKROOT = iphoneos;
				SWIFT_ACTIVE_COMPILATION_CONDITIONS = DEBUG;
				SWIFT_OPTIMIZATION_LEVEL = "-Onone";
			};
			name = Debug;
		};
		39F2A8872A9D3974004EBB9A /* Release */ = {
			isa = XCBuildConfiguration;
			buildSettings = {
				ALWAYS_SEARCH_USER_PATHS = NO;
				ASSETCATALOG_COMPILER_GENERATE_SWIFT_ASSET_SYMBOL_EXTENSIONS = YES;
				CLANG_ANALYZER_NONNULL = YES;
				CLANG_ANALYZER_NUMBER_OBJECT_CONVERSION = YES_AGGRESSIVE;
				CLANG_CXX_LANGUAGE_STANDARD = "gnu++20";
				CLANG_ENABLE_MODULES = YES;
				CLANG_ENABLE_OBJC_ARC = YES;
				CLANG_ENABLE_OBJC_WEAK = YES;
				CLANG_WARN_BLOCK_CAPTURE_AUTORELEASING = YES;
				CLANG_WARN_BOOL_CONVERSION = YES;
				CLANG_WARN_COMMA = YES;
				CLANG_WARN_CONSTANT_CONVERSION = YES;
				CLANG_WARN_DEPRECATED_OBJC_IMPLEMENTATIONS = YES;
				CLANG_WARN_DIRECT_OBJC_ISA_USAGE = YES_ERROR;
				CLANG_WARN_DOCUMENTATION_COMMENTS = YES;
				CLANG_WARN_EMPTY_BODY = YES;
				CLANG_WARN_ENUM_CONVERSION = YES;
				CLANG_WARN_INFINITE_RECURSION = YES;
				CLANG_WARN_INT_CONVERSION = YES;
				CLANG_WARN_NON_LITERAL_NULL_CONVERSION = YES;
				CLANG_WARN_OBJC_IMPLICIT_RETAIN_SELF = YES;
				CLANG_WARN_OBJC_LITERAL_CONVERSION = YES;
				CLANG_WARN_OBJC_ROOT_CLASS = YES_ERROR;
				CLANG_WARN_QUOTED_INCLUDE_IN_FRAMEWORK_HEADER = YES;
				CLANG_WARN_RANGE_LOOP_ANALYSIS = YES;
				CLANG_WARN_STRICT_PROTOTYPES = YES;
				CLANG_WARN_SUSPICIOUS_MOVE = YES;
				CLANG_WARN_UNGUARDED_AVAILABILITY = YES_AGGRESSIVE;
				CLANG_WARN_UNREACHABLE_CODE = YES;
				CLANG_WARN__DUPLICATE_METHOD_MATCH = YES;
				COPY_PHASE_STRIP = NO;
				DEBUG_INFORMATION_FORMAT = "dwarf-with-dsym";
				ENABLE_NS_ASSERTIONS = NO;
				ENABLE_STRICT_OBJC_MSGSEND = YES;
				ENABLE_USER_SCRIPT_SANDBOXING = NO;
				GCC_C_LANGUAGE_STANDARD = gnu11;
				GCC_NO_COMMON_BLOCKS = YES;
				GCC_WARN_64_TO_32_BIT_CONVERSION = YES;
				GCC_WARN_ABOUT_RETURN_TYPE = YES_ERROR;
				GCC_WARN_UNDECLARED_SELECTOR = YES;
				GCC_WARN_UNINITIALIZED_AUTOS = YES_AGGRESSIVE;
				GCC_WARN_UNUSED_FUNCTION = YES;
				GCC_WARN_UNUSED_VARIABLE = YES;
				IPHONEOS_DEPLOYMENT_TARGET = 17.2;
				MTL_ENABLE_DEBUG_INFO = NO;
				MTL_FAST_MATH = YES;
				SDKROOT = iphoneos;
				SWIFT_COMPILATION_MODE = wholemodule;
				SWIFT_OPTIMIZATION_LEVEL = "-O";
				VALIDATE_PRODUCT = YES;
			};
			name = Release;
		};
		39F2A8892A9D3974004EBB9A /* Debug */ = {
			isa = XCBuildConfiguration;
			baseConfigurationReference = D0E5B60D0A7B55350F0AE895 /* Pods-IngrediCheck.debug.xcconfig */;
			buildSettings = {
				ASSETCATALOG_COMPILER_APPICON_NAME = AppIcon;
				CODE_SIGN_ENTITLEMENTS = IngrediCheck/IngrediCheck.entitlements;
				CODE_SIGN_STYLE = Automatic;
				CURRENT_PROJECT_VERSION = 1;
				DEVELOPMENT_TEAM = 58MYNHGN72;
				ENABLE_PREVIEWS = YES;
				GENERATE_INFOPLIST_FILE = YES;
				INFOPLIST_FILE = IngrediCheck/Info.plist;
				INFOPLIST_KEY_NSCameraUsageDescription = "Camera is used to Scan Barcodes or take Photos of Packaged Food Products";
				INFOPLIST_KEY_UIApplicationSceneManifest_Generation = YES;
				INFOPLIST_KEY_UIApplicationSupportsIndirectInputEvents = YES;
				INFOPLIST_KEY_UILaunchScreen_Generation = YES;
				INFOPLIST_KEY_UISupportedInterfaceOrientations = "UIInterfaceOrientationPortrait UIInterfaceOrientationPortraitUpsideDown";
				INFOPLIST_KEY_UISupportedInterfaceOrientations_iPad = "UIInterfaceOrientationLandscapeLeft UIInterfaceOrientationLandscapeRight UIInterfaceOrientationPortrait UIInterfaceOrientationPortraitUpsideDown";
				INFOPLIST_KEY_UIUserInterfaceStyle = Light;
				IPHONEOS_DEPLOYMENT_TARGET = 17.2;
				LD_RUNPATH_SEARCH_PATHS = (
					"$(inherited)",
					"@executable_path/Frameworks",
				);
				MARKETING_VERSION = 1.1.0;
				PRODUCT_BUNDLE_IDENTIFIER = llc.fungee.ingredicheck;
				PRODUCT_NAME = "$(TARGET_NAME)";
				SUPPORTED_PLATFORMS = "iphoneos iphonesimulator";
				SUPPORTS_MACCATALYST = NO;
				SUPPORTS_MAC_DESIGNED_FOR_IPHONE_IPAD = NO;
				SUPPORTS_XR_DESIGNED_FOR_IPHONE_IPAD = NO;
				SWIFT_EMIT_LOC_STRINGS = YES;
				SWIFT_VERSION = 5.0;
				TARGETED_DEVICE_FAMILY = 1;
			};
			name = Debug;
		};
		39F2A88A2A9D3974004EBB9A /* Release */ = {
			isa = XCBuildConfiguration;
			baseConfigurationReference = 00C3CB2168DB5D0B155BBA8A /* Pods-IngrediCheck.release.xcconfig */;
			buildSettings = {
				ASSETCATALOG_COMPILER_APPICON_NAME = AppIcon;
				CODE_SIGN_ENTITLEMENTS = IngrediCheck/IngrediCheck.entitlements;
				CODE_SIGN_STYLE = Automatic;
				CURRENT_PROJECT_VERSION = 1;
				DEVELOPMENT_TEAM = 58MYNHGN72;
				ENABLE_PREVIEWS = YES;
				GENERATE_INFOPLIST_FILE = YES;
				INFOPLIST_FILE = IngrediCheck/Info.plist;
				INFOPLIST_KEY_NSCameraUsageDescription = "Camera is used to Scan Barcodes or take Photos of Packaged Food Products";
				INFOPLIST_KEY_UIApplicationSceneManifest_Generation = YES;
				INFOPLIST_KEY_UIApplicationSupportsIndirectInputEvents = YES;
				INFOPLIST_KEY_UILaunchScreen_Generation = YES;
				INFOPLIST_KEY_UISupportedInterfaceOrientations = "UIInterfaceOrientationPortrait UIInterfaceOrientationPortraitUpsideDown";
				INFOPLIST_KEY_UISupportedInterfaceOrientations_iPad = "UIInterfaceOrientationLandscapeLeft UIInterfaceOrientationLandscapeRight UIInterfaceOrientationPortrait UIInterfaceOrientationPortraitUpsideDown";
				INFOPLIST_KEY_UIUserInterfaceStyle = Light;
				IPHONEOS_DEPLOYMENT_TARGET = 17.2;
				LD_RUNPATH_SEARCH_PATHS = (
					"$(inherited)",
					"@executable_path/Frameworks",
				);
				MARKETING_VERSION = 1.1.0;
				PRODUCT_BUNDLE_IDENTIFIER = llc.fungee.ingredicheck;
				PRODUCT_NAME = "$(TARGET_NAME)";
				SUPPORTED_PLATFORMS = "iphoneos iphonesimulator";
				SUPPORTS_MACCATALYST = NO;
				SUPPORTS_MAC_DESIGNED_FOR_IPHONE_IPAD = NO;
				SUPPORTS_XR_DESIGNED_FOR_IPHONE_IPAD = NO;
				SWIFT_EMIT_LOC_STRINGS = YES;
				SWIFT_VERSION = 5.0;
				TARGETED_DEVICE_FAMILY = 1;
			};
			name = Release;
		};
/* End XCBuildConfiguration section */

/* Begin XCConfigurationList section */
		39F2A8752A9D3972004EBB9A /* Build configuration list for PBXProject "IngrediCheck" */ = {
			isa = XCConfigurationList;
			buildConfigurations = (
				39F2A8862A9D3974004EBB9A /* Debug */,
				39F2A8872A9D3974004EBB9A /* Release */,
			);
			defaultConfigurationIsVisible = 0;
			defaultConfigurationName = Release;
		};
		39F2A8882A9D3974004EBB9A /* Build configuration list for PBXNativeTarget "IngrediCheck" */ = {
			isa = XCConfigurationList;
			buildConfigurations = (
				39F2A8892A9D3974004EBB9A /* Debug */,
				39F2A88A2A9D3974004EBB9A /* Release */,
			);
			defaultConfigurationIsVisible = 0;
			defaultConfigurationName = Release;
		};
/* End XCConfigurationList section */

/* Begin XCRemoteSwiftPackageReference section */
		390F0CA22BA73ED7009081AD /* XCRemoteSwiftPackageReference "swiftui-flow-layout" */ = {
			isa = XCRemoteSwiftPackageReference;
			repositoryURL = "https://github.com/globulus/swiftui-flow-layout";
			requirement = {
				kind = upToNextMajorVersion;
				minimumVersion = 1.0.5;
			};
		};
		390F0CAB2BACBF14009081AD /* XCRemoteSwiftPackageReference "SimpleToast" */ = {
			isa = XCRemoteSwiftPackageReference;
			repositoryURL = "https://github.com/sanzaru/SimpleToast.git";
			requirement = {
				kind = upToNextMajorVersion;
				minimumVersion = 0.8.1;
			};
		};
		397C85F62B6B537600FB9DAD /* XCRemoteSwiftPackageReference "keychain-swift" */ = {
			isa = XCRemoteSwiftPackageReference;
			repositoryURL = "https://github.com/evgenyneu/keychain-swift.git";
			requirement = {
				kind = upToNextMajorVersion;
				minimumVersion = 21.0.0;
			};
		};
		D35BCF242E27D5B600125580 /* XCRemoteSwiftPackageReference "supabase-swift" */ = {
			isa = XCRemoteSwiftPackageReference;
			repositoryURL = "https://github.com/supabase/supabase-swift.git";
			requirement = {
				kind = upToNextMajorVersion;
				minimumVersion = 2.30.2;
			};
		};
		D35F3C222E2A25FB0002CDE7 /* XCRemoteSwiftPackageReference "GoogleSignIn-iOS" */ = {
			isa = XCRemoteSwiftPackageReference;
			repositoryURL = "https://github.com/google/GoogleSignIn-iOS";
			requirement = {
				kind = upToNextMajorVersion;
				minimumVersion = 9.0.0;
			};
		};
/* End XCRemoteSwiftPackageReference section */

/* Begin XCSwiftPackageProductDependency section */
		390F0CA32BA73ED7009081AD /* SwiftUIFlowLayout */ = {
			isa = XCSwiftPackageProductDependency;
			package = 390F0CA22BA73ED7009081AD /* XCRemoteSwiftPackageReference "swiftui-flow-layout" */;
			productName = SwiftUIFlowLayout;
		};
		390F0CAC2BACBF14009081AD /* SimpleToast */ = {
			isa = XCSwiftPackageProductDependency;
			package = 390F0CAB2BACBF14009081AD /* XCRemoteSwiftPackageReference "SimpleToast" */;
			productName = SimpleToast;
		};
		397C85F72B6B537600FB9DAD /* KeychainSwift */ = {
			isa = XCSwiftPackageProductDependency;
			package = 397C85F62B6B537600FB9DAD /* XCRemoteSwiftPackageReference "keychain-swift" */;
			productName = KeychainSwift;
		};
		D35BCF252E27D5B600125580 /* Auth */ = {
			isa = XCSwiftPackageProductDependency;
			package = D35BCF242E27D5B600125580 /* XCRemoteSwiftPackageReference "supabase-swift" */;
			productName = Auth;
		};
		D35BCF272E27D5B600125580 /* Storage */ = {
			isa = XCSwiftPackageProductDependency;
			package = D35BCF242E27D5B600125580 /* XCRemoteSwiftPackageReference "supabase-swift" */;
			productName = Storage;
		};
		D35BCF292E27D5B600125580 /* Supabase */ = {
			isa = XCSwiftPackageProductDependency;
			package = D35BCF242E27D5B600125580 /* XCRemoteSwiftPackageReference "supabase-swift" */;
			productName = Supabase;
		};
		D35F3C232E2A25FB0002CDE7 /* GoogleSignIn */ = {
			isa = XCSwiftPackageProductDependency;
			package = D35F3C222E2A25FB0002CDE7 /* XCRemoteSwiftPackageReference "GoogleSignIn-iOS" */;
			productName = GoogleSignIn;
		};
		D35F3C252E2A25FB0002CDE7 /* GoogleSignInSwift */ = {
			isa = XCSwiftPackageProductDependency;
			package = D35F3C222E2A25FB0002CDE7 /* XCRemoteSwiftPackageReference "GoogleSignIn-iOS" */;
			productName = GoogleSignInSwift;
		};
/* End XCSwiftPackageProductDependency section */
	};
	rootObject = 39F2A8722A9D3972004EBB9A /* Project object */;
}
