// !$*UTF8*$!
{
	archiveVersion = 1;
	classes = {
	};
	objectVersion = 56;
	objects = {

/* Begin PBXBuildFile section */
		392D9BF52B72CB0C00166CF1 /* LoggedInRootView.swift in Sources */ = {isa = PBXBuildFile; fileRef = 392D9BF42B72CB0C00166CF1 /* LoggedInRootView.swift */; };
		392D9BF72B72CC8A00166CF1 /* HomeTab.swift in Sources */ = {isa = PBXBuildFile; fileRef = 392D9BF62B72CC8A00166CF1 /* HomeTab.swift */; };
		392D9BF92B72CCA200166CF1 /* ScanTab.swift in Sources */ = {isa = PBXBuildFile; fileRef = 392D9BF82B72CCA200166CF1 /* ScanTab.swift */; };
		392D9BFB2B72CCB700166CF1 /* HistoryTab.swift in Sources */ = {isa = PBXBuildFile; fileRef = 392D9BFA2B72CCB700166CF1 /* HistoryTab.swift */; };
		392D9BFD2B72CCD300166CF1 /* SettingsTab.swift in Sources */ = {isa = PBXBuildFile; fileRef = 392D9BFC2B72CCD300166CF1 /* SettingsTab.swift */; };
		392D9C062B72D58400166CF1 /* UserPreferences.swift in Sources */ = {isa = PBXBuildFile; fileRef = 392D9C052B72D58400166CF1 /* UserPreferences.swift */; };
		3946B4472B6F423B00D8B7C9 /* LabelAnalysisView.swift in Sources */ = {isa = PBXBuildFile; fileRef = 3946B4462B6F423B00D8B7C9 /* LabelAnalysisView.swift */; };
		397C85D92B6858AC00FB9DAD /* ImageCaptureView.swift in Sources */ = {isa = PBXBuildFile; fileRef = 397C85D82B6858AC00FB9DAD /* ImageCaptureView.swift */; };
		397C85DB2B686DF000FB9DAD /* CaptureView.swift in Sources */ = {isa = PBXBuildFile; fileRef = 397C85DA2B686DF000FB9DAD /* CaptureView.swift */; };
		397C85DD2B687FF700FB9DAD /* BarcodeScannerView.swift in Sources */ = {isa = PBXBuildFile; fileRef = 397C85DC2B687FF700FB9DAD /* BarcodeScannerView.swift */; };
		397C85EB2B6B536100FB9DAD /* Auth in Frameworks */ = {isa = PBXBuildFile; productRef = 397C85EA2B6B536100FB9DAD /* Auth */; };
		397C85ED2B6B536100FB9DAD /* Functions in Frameworks */ = {isa = PBXBuildFile; productRef = 397C85EC2B6B536100FB9DAD /* Functions */; };
		397C85EF2B6B536100FB9DAD /* PostgREST in Frameworks */ = {isa = PBXBuildFile; productRef = 397C85EE2B6B536100FB9DAD /* PostgREST */; };
		397C85F12B6B536100FB9DAD /* Realtime in Frameworks */ = {isa = PBXBuildFile; productRef = 397C85F02B6B536100FB9DAD /* Realtime */; };
		397C85F32B6B536100FB9DAD /* Storage in Frameworks */ = {isa = PBXBuildFile; productRef = 397C85F22B6B536100FB9DAD /* Storage */; };
		397C85F52B6B536100FB9DAD /* Supabase in Frameworks */ = {isa = PBXBuildFile; productRef = 397C85F42B6B536100FB9DAD /* Supabase */; };
		397C85F82B6B537600FB9DAD /* KeychainSwift in Frameworks */ = {isa = PBXBuildFile; productRef = 397C85F72B6B537600FB9DAD /* KeychainSwift */; };
		397C85FA2B6B538500FB9DAD /* AuthController.swift in Sources */ = {isa = PBXBuildFile; fileRef = 397C85F92B6B538500FB9DAD /* AuthController.swift */; };
		397C85FF2B6C08FE00FB9DAD /* DTO.swift in Sources */ = {isa = PBXBuildFile; fileRef = 397C85FE2B6C08FE00FB9DAD /* DTO.swift */; };
		397C86012B6C090B00FB9DAD /* WebService.swift in Sources */ = {isa = PBXBuildFile; fileRef = 397C86002B6C090B00FB9DAD /* WebService.swift */; };
		397C86042B6C1AF400FB9DAD /* SupabaseRequestBuilder.swift in Sources */ = {isa = PBXBuildFile; fileRef = 397C86032B6C1AF400FB9DAD /* SupabaseRequestBuilder.swift */; };
		397C86062B6C22B900FB9DAD /* BarcodeAnalysisView.swift in Sources */ = {isa = PBXBuildFile; fileRef = 397C86052B6C22B900FB9DAD /* BarcodeAnalysisView.swift */; };
		39F2A87E2A9D3972004EBB9A /* ShouldIEatApp.swift in Sources */ = {isa = PBXBuildFile; fileRef = 39F2A87D2A9D3972004EBB9A /* ShouldIEatApp.swift */; };
		39F2A8802A9D3972004EBB9A /* ContentView.swift in Sources */ = {isa = PBXBuildFile; fileRef = 39F2A87F2A9D3972004EBB9A /* ContentView.swift */; };
		39F2A8822A9D3974004EBB9A /* Assets.xcassets in Resources */ = {isa = PBXBuildFile; fileRef = 39F2A8812A9D3974004EBB9A /* Assets.xcassets */; };
		39F2A8852A9D3974004EBB9A /* Preview Assets.xcassets in Resources */ = {isa = PBXBuildFile; fileRef = 39F2A8842A9D3974004EBB9A /* Preview Assets.xcassets */; };
		39F2A8912A9E61B7004EBB9A /* AnalysisView.swift in Sources */ = {isa = PBXBuildFile; fileRef = 39F2A8902A9E61B7004EBB9A /* AnalysisView.swift */; };
		39F2A8952A9E7563004EBB9A /* secrets.plist in Resources */ = {isa = PBXBuildFile; fileRef = 39F2A8942A9E7563004EBB9A /* secrets.plist */; };
		39F2A89A2A9EDBEE004EBB9A /* PreferenceView.swift in Sources */ = {isa = PBXBuildFile; fileRef = 39F2A8992A9EDBEE004EBB9A /* PreferenceView.swift */; };
/* End PBXBuildFile section */

/* Begin PBXFileReference section */
		392D9BF42B72CB0C00166CF1 /* LoggedInRootView.swift */ = {isa = PBXFileReference; lastKnownFileType = sourcecode.swift; path = LoggedInRootView.swift; sourceTree = "<group>"; };
		392D9BF62B72CC8A00166CF1 /* HomeTab.swift */ = {isa = PBXFileReference; lastKnownFileType = sourcecode.swift; path = HomeTab.swift; sourceTree = "<group>"; };
		392D9BF82B72CCA200166CF1 /* ScanTab.swift */ = {isa = PBXFileReference; lastKnownFileType = sourcecode.swift; path = ScanTab.swift; sourceTree = "<group>"; };
		392D9BFA2B72CCB700166CF1 /* HistoryTab.swift */ = {isa = PBXFileReference; lastKnownFileType = sourcecode.swift; path = HistoryTab.swift; sourceTree = "<group>"; };
		392D9BFC2B72CCD300166CF1 /* SettingsTab.swift */ = {isa = PBXFileReference; lastKnownFileType = sourcecode.swift; path = SettingsTab.swift; sourceTree = "<group>"; };
		392D9C052B72D58400166CF1 /* UserPreferences.swift */ = {isa = PBXFileReference; lastKnownFileType = sourcecode.swift; path = UserPreferences.swift; sourceTree = "<group>"; };
		3946B4462B6F423B00D8B7C9 /* LabelAnalysisView.swift */ = {isa = PBXFileReference; lastKnownFileType = sourcecode.swift; path = LabelAnalysisView.swift; sourceTree = "<group>"; };
		397C85D82B6858AC00FB9DAD /* ImageCaptureView.swift */ = {isa = PBXFileReference; lastKnownFileType = sourcecode.swift; path = ImageCaptureView.swift; sourceTree = "<group>"; };
		397C85DA2B686DF000FB9DAD /* CaptureView.swift */ = {isa = PBXFileReference; lastKnownFileType = sourcecode.swift; path = CaptureView.swift; sourceTree = "<group>"; };
		397C85DC2B687FF700FB9DAD /* BarcodeScannerView.swift */ = {isa = PBXFileReference; lastKnownFileType = sourcecode.swift; path = BarcodeScannerView.swift; sourceTree = "<group>"; };
		397C85F92B6B538500FB9DAD /* AuthController.swift */ = {isa = PBXFileReference; lastKnownFileType = sourcecode.swift; path = AuthController.swift; sourceTree = "<group>"; };
		397C85FE2B6C08FE00FB9DAD /* DTO.swift */ = {isa = PBXFileReference; lastKnownFileType = sourcecode.swift; path = DTO.swift; sourceTree = "<group>"; };
		397C86002B6C090B00FB9DAD /* WebService.swift */ = {isa = PBXFileReference; lastKnownFileType = sourcecode.swift; path = WebService.swift; sourceTree = "<group>"; };
		397C86032B6C1AF400FB9DAD /* SupabaseRequestBuilder.swift */ = {isa = PBXFileReference; lastKnownFileType = sourcecode.swift; path = SupabaseRequestBuilder.swift; sourceTree = "<group>"; };
		397C86052B6C22B900FB9DAD /* BarcodeAnalysisView.swift */ = {isa = PBXFileReference; lastKnownFileType = sourcecode.swift; path = BarcodeAnalysisView.swift; sourceTree = "<group>"; };
		39F2A87A2A9D3972004EBB9A /* ShouldIEat.app */ = {isa = PBXFileReference; explicitFileType = wrapper.application; includeInIndex = 0; path = ShouldIEat.app; sourceTree = BUILT_PRODUCTS_DIR; };
		39F2A87D2A9D3972004EBB9A /* ShouldIEatApp.swift */ = {isa = PBXFileReference; lastKnownFileType = sourcecode.swift; path = ShouldIEatApp.swift; sourceTree = "<group>"; };
		39F2A87F2A9D3972004EBB9A /* ContentView.swift */ = {isa = PBXFileReference; lastKnownFileType = sourcecode.swift; path = ContentView.swift; sourceTree = "<group>"; };
		39F2A8812A9D3974004EBB9A /* Assets.xcassets */ = {isa = PBXFileReference; lastKnownFileType = folder.assetcatalog; path = Assets.xcassets; sourceTree = "<group>"; };
		39F2A8842A9D3974004EBB9A /* Preview Assets.xcassets */ = {isa = PBXFileReference; lastKnownFileType = folder.assetcatalog; path = "Preview Assets.xcassets"; sourceTree = "<group>"; };
		39F2A8902A9E61B7004EBB9A /* AnalysisView.swift */ = {isa = PBXFileReference; lastKnownFileType = sourcecode.swift; path = AnalysisView.swift; sourceTree = "<group>"; };
		39F2A8942A9E7563004EBB9A /* secrets.plist */ = {isa = PBXFileReference; lastKnownFileType = text.plist.xml; path = secrets.plist; sourceTree = "<group>"; };
		39F2A8992A9EDBEE004EBB9A /* PreferenceView.swift */ = {isa = PBXFileReference; lastKnownFileType = sourcecode.swift; path = PreferenceView.swift; sourceTree = "<group>"; };
/* End PBXFileReference section */

/* Begin PBXFrameworksBuildPhase section */
		39F2A8772A9D3972004EBB9A /* Frameworks */ = {
			isa = PBXFrameworksBuildPhase;
			buildActionMask = 2147483647;
			files = (
				397C85F52B6B536100FB9DAD /* Supabase in Frameworks */,
				397C85F32B6B536100FB9DAD /* Storage in Frameworks */,
				397C85EF2B6B536100FB9DAD /* PostgREST in Frameworks */,
				397C85ED2B6B536100FB9DAD /* Functions in Frameworks */,
				397C85EB2B6B536100FB9DAD /* Auth in Frameworks */,
				397C85F12B6B536100FB9DAD /* Realtime in Frameworks */,
				397C85F82B6B537600FB9DAD /* KeychainSwift in Frameworks */,
			);
			runOnlyForDeploymentPostprocessing = 0;
		};
/* End PBXFrameworksBuildPhase section */

/* Begin PBXGroup section */
		392D9BF32B72CB0100166CF1 /* Tabs */ = {
			isa = PBXGroup;
			children = (
				392D9BF42B72CB0C00166CF1 /* LoggedInRootView.swift */,
				392D9BF62B72CC8A00166CF1 /* HomeTab.swift */,
				392D9BF82B72CCA200166CF1 /* ScanTab.swift */,
				392D9BFA2B72CCB700166CF1 /* HistoryTab.swift */,
				392D9BFC2B72CCD300166CF1 /* SettingsTab.swift */,
			);
			path = Tabs;
			sourceTree = "<group>";
		};
		392D9C042B72D56700166CF1 /* Store */ = {
			isa = PBXGroup;
			children = (
				392D9C052B72D58400166CF1 /* UserPreferences.swift */,
			);
			path = Store;
			sourceTree = "<group>";
		};
		397C86022B6C16F500FB9DAD /* Views */ = {
			isa = PBXGroup;
			children = (
				392D9BF32B72CB0100166CF1 /* Tabs */,
				39F2A87F2A9D3972004EBB9A /* ContentView.swift */,
				39F2A8992A9EDBEE004EBB9A /* PreferenceView.swift */,
				397C85DA2B686DF000FB9DAD /* CaptureView.swift */,
				397C85D82B6858AC00FB9DAD /* ImageCaptureView.swift */,
				397C85DC2B687FF700FB9DAD /* BarcodeScannerView.swift */,
				39F2A8902A9E61B7004EBB9A /* AnalysisView.swift */,
				397C86052B6C22B900FB9DAD /* BarcodeAnalysisView.swift */,
				3946B4462B6F423B00D8B7C9 /* LabelAnalysisView.swift */,
			);
			path = Views;
			sourceTree = "<group>";
		};
		39F2A8712A9D3972004EBB9A = {
			isa = PBXGroup;
			children = (
				39F2A8942A9E7563004EBB9A /* secrets.plist */,
				39F2A87C2A9D3972004EBB9A /* ShouldIEat */,
				39F2A87B2A9D3972004EBB9A /* Products */,
			);
			sourceTree = "<group>";
		};
		39F2A87B2A9D3972004EBB9A /* Products */ = {
			isa = PBXGroup;
			children = (
				39F2A87A2A9D3972004EBB9A /* ShouldIEat.app */,
			);
			name = Products;
			sourceTree = "<group>";
		};
		39F2A87C2A9D3972004EBB9A /* ShouldIEat */ = {
			isa = PBXGroup;
			children = (
				392D9C042B72D56700166CF1 /* Store */,
				397C86022B6C16F500FB9DAD /* Views */,
				39F2A87D2A9D3972004EBB9A /* ShouldIEatApp.swift */,
				39F2A8812A9D3974004EBB9A /* Assets.xcassets */,
				39F2A8832A9D3974004EBB9A /* Preview Content */,
				397C85F92B6B538500FB9DAD /* AuthController.swift */,
				397C85FE2B6C08FE00FB9DAD /* DTO.swift */,
				397C86002B6C090B00FB9DAD /* WebService.swift */,
				397C86032B6C1AF400FB9DAD /* SupabaseRequestBuilder.swift */,
			);
			path = ShouldIEat;
			sourceTree = "<group>";
		};
		39F2A8832A9D3974004EBB9A /* Preview Content */ = {
			isa = PBXGroup;
			children = (
				39F2A8842A9D3974004EBB9A /* Preview Assets.xcassets */,
			);
			path = "Preview Content";
			sourceTree = "<group>";
		};
/* End PBXGroup section */

/* Begin PBXNativeTarget section */
		39F2A8792A9D3972004EBB9A /* ShouldIEat */ = {
			isa = PBXNativeTarget;
			buildConfigurationList = 39F2A8882A9D3974004EBB9A /* Build configuration list for PBXNativeTarget "ShouldIEat" */;
			buildPhases = (
				39F2A8762A9D3972004EBB9A /* Sources */,
				39F2A8772A9D3972004EBB9A /* Frameworks */,
				39F2A8782A9D3972004EBB9A /* Resources */,
			);
			buildRules = (
			);
			dependencies = (
			);
			name = ShouldIEat;
			packageProductDependencies = (
				397C85EA2B6B536100FB9DAD /* Auth */,
				397C85EC2B6B536100FB9DAD /* Functions */,
				397C85EE2B6B536100FB9DAD /* PostgREST */,
				397C85F02B6B536100FB9DAD /* Realtime */,
				397C85F22B6B536100FB9DAD /* Storage */,
				397C85F42B6B536100FB9DAD /* Supabase */,
				397C85F72B6B537600FB9DAD /* KeychainSwift */,
			);
			productName = ShouldIEat;
			productReference = 39F2A87A2A9D3972004EBB9A /* ShouldIEat.app */;
			productType = "com.apple.product-type.application";
		};
/* End PBXNativeTarget section */

/* Begin PBXProject section */
		39F2A8722A9D3972004EBB9A /* Project object */ = {
			isa = PBXProject;
			attributes = {
				BuildIndependentTargetsInParallel = 1;
				LastSwiftUpdateCheck = 1430;
				LastUpgradeCheck = 1520;
				TargetAttributes = {
					39F2A8792A9D3972004EBB9A = {
						CreatedOnToolsVersion = 14.3.1;
					};
				};
			};
			buildConfigurationList = 39F2A8752A9D3972004EBB9A /* Build configuration list for PBXProject "ShouldIEat" */;
			compatibilityVersion = "Xcode 14.0";
			developmentRegion = en;
			hasScannedForEncodings = 0;
			knownRegions = (
				en,
				Base,
			);
			mainGroup = 39F2A8712A9D3972004EBB9A;
			packageReferences = (
				397C85E92B6B536100FB9DAD /* XCRemoteSwiftPackageReference "supabase-swift" */,
				397C85F62B6B537600FB9DAD /* XCRemoteSwiftPackageReference "keychain-swift" */,
			);
			productRefGroup = 39F2A87B2A9D3972004EBB9A /* Products */;
			projectDirPath = "";
			projectRoot = "";
			targets = (
				39F2A8792A9D3972004EBB9A /* ShouldIEat */,
			);
		};
/* End PBXProject section */

/* Begin PBXResourcesBuildPhase section */
		39F2A8782A9D3972004EBB9A /* Resources */ = {
			isa = PBXResourcesBuildPhase;
			buildActionMask = 2147483647;
			files = (
				39F2A8852A9D3974004EBB9A /* Preview Assets.xcassets in Resources */,
				39F2A8822A9D3974004EBB9A /* Assets.xcassets in Resources */,
				39F2A8952A9E7563004EBB9A /* secrets.plist in Resources */,
			);
			runOnlyForDeploymentPostprocessing = 0;
		};
/* End PBXResourcesBuildPhase section */

/* Begin PBXSourcesBuildPhase section */
		39F2A8762A9D3972004EBB9A /* Sources */ = {
			isa = PBXSourcesBuildPhase;
			buildActionMask = 2147483647;
			files = (
				397C85DD2B687FF700FB9DAD /* BarcodeScannerView.swift in Sources */,
				39F2A8912A9E61B7004EBB9A /* AnalysisView.swift in Sources */,
				39F2A8802A9D3972004EBB9A /* ContentView.swift in Sources */,
				392D9BFB2B72CCB700166CF1 /* HistoryTab.swift in Sources */,
				392D9BF72B72CC8A00166CF1 /* HomeTab.swift in Sources */,
				392D9BF92B72CCA200166CF1 /* ScanTab.swift in Sources */,
				397C85DB2B686DF000FB9DAD /* CaptureView.swift in Sources */,
				397C85FA2B6B538500FB9DAD /* AuthController.swift in Sources */,
				392D9C062B72D58400166CF1 /* UserPreferences.swift in Sources */,
				39F2A87E2A9D3972004EBB9A /* ShouldIEatApp.swift in Sources */,
				397C86062B6C22B900FB9DAD /* BarcodeAnalysisView.swift in Sources */,
				392D9BF52B72CB0C00166CF1 /* LoggedInRootView.swift in Sources */,
				397C86012B6C090B00FB9DAD /* WebService.swift in Sources */,
				392D9BFD2B72CCD300166CF1 /* SettingsTab.swift in Sources */,
				397C86042B6C1AF400FB9DAD /* SupabaseRequestBuilder.swift in Sources */,
				397C85D92B6858AC00FB9DAD /* ImageCaptureView.swift in Sources */,
				3946B4472B6F423B00D8B7C9 /* LabelAnalysisView.swift in Sources */,
				39F2A89A2A9EDBEE004EBB9A /* PreferenceView.swift in Sources */,
				397C85FF2B6C08FE00FB9DAD /* DTO.swift in Sources */,
			);
			runOnlyForDeploymentPostprocessing = 0;
		};
/* End PBXSourcesBuildPhase section */

/* Begin XCBuildConfiguration section */
		39F2A8862A9D3974004EBB9A /* Debug */ = {
			isa = XCBuildConfiguration;
			buildSettings = {
				ALWAYS_SEARCH_USER_PATHS = NO;
				ASSETCATALOG_COMPILER_GENERATE_SWIFT_ASSET_SYMBOL_EXTENSIONS = YES;
				CLANG_ANALYZER_NONNULL = YES;
				CLANG_ANALYZER_NUMBER_OBJECT_CONVERSION = YES_AGGRESSIVE;
				CLANG_CXX_LANGUAGE_STANDARD = "gnu++20";
				CLANG_ENABLE_MODULES = YES;
				CLANG_ENABLE_OBJC_ARC = YES;
				CLANG_ENABLE_OBJC_WEAK = YES;
				CLANG_WARN_BLOCK_CAPTURE_AUTORELEASING = YES;
				CLANG_WARN_BOOL_CONVERSION = YES;
				CLANG_WARN_COMMA = YES;
				CLANG_WARN_CONSTANT_CONVERSION = YES;
				CLANG_WARN_DEPRECATED_OBJC_IMPLEMENTATIONS = YES;
				CLANG_WARN_DIRECT_OBJC_ISA_USAGE = YES_ERROR;
				CLANG_WARN_DOCUMENTATION_COMMENTS = YES;
				CLANG_WARN_EMPTY_BODY = YES;
				CLANG_WARN_ENUM_CONVERSION = YES;
				CLANG_WARN_INFINITE_RECURSION = YES;
				CLANG_WARN_INT_CONVERSION = YES;
				CLANG_WARN_NON_LITERAL_NULL_CONVERSION = YES;
				CLANG_WARN_OBJC_IMPLICIT_RETAIN_SELF = YES;
				CLANG_WARN_OBJC_LITERAL_CONVERSION = YES;
				CLANG_WARN_OBJC_ROOT_CLASS = YES_ERROR;
				CLANG_WARN_QUOTED_INCLUDE_IN_FRAMEWORK_HEADER = YES;
				CLANG_WARN_RANGE_LOOP_ANALYSIS = YES;
				CLANG_WARN_STRICT_PROTOTYPES = YES;
				CLANG_WARN_SUSPICIOUS_MOVE = YES;
				CLANG_WARN_UNGUARDED_AVAILABILITY = YES_AGGRESSIVE;
				CLANG_WARN_UNREACHABLE_CODE = YES;
				CLANG_WARN__DUPLICATE_METHOD_MATCH = YES;
				COPY_PHASE_STRIP = NO;
				DEBUG_INFORMATION_FORMAT = dwarf;
				ENABLE_STRICT_OBJC_MSGSEND = YES;
				ENABLE_TESTABILITY = YES;
				ENABLE_USER_SCRIPT_SANDBOXING = YES;
				GCC_C_LANGUAGE_STANDARD = gnu11;
				GCC_DYNAMIC_NO_PIC = NO;
				GCC_NO_COMMON_BLOCKS = YES;
				GCC_OPTIMIZATION_LEVEL = 0;
				GCC_PREPROCESSOR_DEFINITIONS = (
					"DEBUG=1",
					"$(inherited)",
				);
				GCC_WARN_64_TO_32_BIT_CONVERSION = YES;
				GCC_WARN_ABOUT_RETURN_TYPE = YES_ERROR;
				GCC_WARN_UNDECLARED_SELECTOR = YES;
				GCC_WARN_UNINITIALIZED_AUTOS = YES_AGGRESSIVE;
				GCC_WARN_UNUSED_FUNCTION = YES;
				GCC_WARN_UNUSED_VARIABLE = YES;
				IPHONEOS_DEPLOYMENT_TARGET = 16.4;
				MTL_ENABLE_DEBUG_INFO = INCLUDE_SOURCE;
				MTL_FAST_MATH = YES;
				ONLY_ACTIVE_ARCH = YES;
				SDKROOT = iphoneos;
				SWIFT_ACTIVE_COMPILATION_CONDITIONS = DEBUG;
				SWIFT_OPTIMIZATION_LEVEL = "-Onone";
			};
			name = Debug;
		};
		39F2A8872A9D3974004EBB9A /* Release */ = {
			isa = XCBuildConfiguration;
			buildSettings = {
				ALWAYS_SEARCH_USER_PATHS = NO;
				ASSETCATALOG_COMPILER_GENERATE_SWIFT_ASSET_SYMBOL_EXTENSIONS = YES;
				CLANG_ANALYZER_NONNULL = YES;
				CLANG_ANALYZER_NUMBER_OBJECT_CONVERSION = YES_AGGRESSIVE;
				CLANG_CXX_LANGUAGE_STANDARD = "gnu++20";
				CLANG_ENABLE_MODULES = YES;
				CLANG_ENABLE_OBJC_ARC = YES;
				CLANG_ENABLE_OBJC_WEAK = YES;
				CLANG_WARN_BLOCK_CAPTURE_AUTORELEASING = YES;
				CLANG_WARN_BOOL_CONVERSION = YES;
				CLANG_WARN_COMMA = YES;
				CLANG_WARN_CONSTANT_CONVERSION = YES;
				CLANG_WARN_DEPRECATED_OBJC_IMPLEMENTATIONS = YES;
				CLANG_WARN_DIRECT_OBJC_ISA_USAGE = YES_ERROR;
				CLANG_WARN_DOCUMENTATION_COMMENTS = YES;
				CLANG_WARN_EMPTY_BODY = YES;
				CLANG_WARN_ENUM_CONVERSION = YES;
				CLANG_WARN_INFINITE_RECURSION = YES;
				CLANG_WARN_INT_CONVERSION = YES;
				CLANG_WARN_NON_LITERAL_NULL_CONVERSION = YES;
				CLANG_WARN_OBJC_IMPLICIT_RETAIN_SELF = YES;
				CLANG_WARN_OBJC_LITERAL_CONVERSION = YES;
				CLANG_WARN_OBJC_ROOT_CLASS = YES_ERROR;
				CLANG_WARN_QUOTED_INCLUDE_IN_FRAMEWORK_HEADER = YES;
				CLANG_WARN_RANGE_LOOP_ANALYSIS = YES;
				CLANG_WARN_STRICT_PROTOTYPES = YES;
				CLANG_WARN_SUSPICIOUS_MOVE = YES;
				CLANG_WARN_UNGUARDED_AVAILABILITY = YES_AGGRESSIVE;
				CLANG_WARN_UNREACHABLE_CODE = YES;
				CLANG_WARN__DUPLICATE_METHOD_MATCH = YES;
				COPY_PHASE_STRIP = NO;
				DEBUG_INFORMATION_FORMAT = "dwarf-with-dsym";
				ENABLE_NS_ASSERTIONS = NO;
				ENABLE_STRICT_OBJC_MSGSEND = YES;
				ENABLE_USER_SCRIPT_SANDBOXING = YES;
				GCC_C_LANGUAGE_STANDARD = gnu11;
				GCC_NO_COMMON_BLOCKS = YES;
				GCC_WARN_64_TO_32_BIT_CONVERSION = YES;
				GCC_WARN_ABOUT_RETURN_TYPE = YES_ERROR;
				GCC_WARN_UNDECLARED_SELECTOR = YES;
				GCC_WARN_UNINITIALIZED_AUTOS = YES_AGGRESSIVE;
				GCC_WARN_UNUSED_FUNCTION = YES;
				GCC_WARN_UNUSED_VARIABLE = YES;
				IPHONEOS_DEPLOYMENT_TARGET = 16.4;
				MTL_ENABLE_DEBUG_INFO = NO;
				MTL_FAST_MATH = YES;
				SDKROOT = iphoneos;
				SWIFT_COMPILATION_MODE = wholemodule;
				SWIFT_OPTIMIZATION_LEVEL = "-O";
				VALIDATE_PRODUCT = YES;
			};
			name = Release;
		};
		39F2A8892A9D3974004EBB9A /* Debug */ = {
			isa = XCBuildConfiguration;
			buildSettings = {
				ASSETCATALOG_COMPILER_APPICON_NAME = AppIcon;
				ASSETCATALOG_COMPILER_GLOBAL_ACCENT_COLOR_NAME = AccentColor;
				CODE_SIGN_STYLE = Automatic;
				CURRENT_PROJECT_VERSION = 1;
				DEVELOPMENT_ASSET_PATHS = "\"ShouldIEat/Preview Content\"";
				DEVELOPMENT_TEAM = 58MYNHGN72;
				ENABLE_PREVIEWS = YES;
				GENERATE_INFOPLIST_FILE = YES;
				INFOPLIST_KEY_NSCameraUsageDescription = "Gimme access pleeesh";
				INFOPLIST_KEY_UIApplicationSceneManifest_Generation = YES;
				INFOPLIST_KEY_UIApplicationSupportsIndirectInputEvents = YES;
				INFOPLIST_KEY_UILaunchScreen_Generation = YES;
				INFOPLIST_KEY_UISupportedInterfaceOrientations_iPad = "UIInterfaceOrientationPortrait UIInterfaceOrientationPortraitUpsideDown UIInterfaceOrientationLandscapeLeft UIInterfaceOrientationLandscapeRight";
				INFOPLIST_KEY_UISupportedInterfaceOrientations_iPhone = "UIInterfaceOrientationPortrait UIInterfaceOrientationLandscapeLeft UIInterfaceOrientationLandscapeRight";
				IPHONEOS_DEPLOYMENT_TARGET = 17.2;
				LD_RUNPATH_SEARCH_PATHS = (
					"$(inherited)",
					"@executable_path/Frameworks",
				);
				MARKETING_VERSION = 1.0;
				PRODUCT_BUNDLE_IDENTIFIER = llc.fungee.ShouldIEat;
				PRODUCT_NAME = "$(TARGET_NAME)";
				SWIFT_EMIT_LOC_STRINGS = YES;
				SWIFT_VERSION = 5.0;
				TARGETED_DEVICE_FAMILY = "1,2";
			};
			name = Debug;
		};
		39F2A88A2A9D3974004EBB9A /* Release */ = {
			isa = XCBuildConfiguration;
			buildSettings = {
				ASSETCATALOG_COMPILER_APPICON_NAME = AppIcon;
				ASSETCATALOG_COMPILER_GLOBAL_ACCENT_COLOR_NAME = AccentColor;
				CODE_SIGN_STYLE = Automatic;
				CURRENT_PROJECT_VERSION = 1;
				DEVELOPMENT_ASSET_PATHS = "\"ShouldIEat/Preview Content\"";
				DEVELOPMENT_TEAM = 58MYNHGN72;
				ENABLE_PREVIEWS = YES;
				GENERATE_INFOPLIST_FILE = YES;
				INFOPLIST_KEY_NSCameraUsageDescription = "Gimme access pleeesh";
				INFOPLIST_KEY_UIApplicationSceneManifest_Generation = YES;
				INFOPLIST_KEY_UIApplicationSupportsIndirectInputEvents = YES;
				INFOPLIST_KEY_UILaunchScreen_Generation = YES;
				INFOPLIST_KEY_UISupportedInterfaceOrientations_iPad = "UIInterfaceOrientationPortrait UIInterfaceOrientationPortraitUpsideDown UIInterfaceOrientationLandscapeLeft UIInterfaceOrientationLandscapeRight";
				INFOPLIST_KEY_UISupportedInterfaceOrientations_iPhone = "UIInterfaceOrientationPortrait UIInterfaceOrientationLandscapeLeft UIInterfaceOrientationLandscapeRight";
				IPHONEOS_DEPLOYMENT_TARGET = 17.2;
				LD_RUNPATH_SEARCH_PATHS = (
					"$(inherited)",
					"@executable_path/Frameworks",
				);
				MARKETING_VERSION = 1.0;
				PRODUCT_BUNDLE_IDENTIFIER = llc.fungee.ShouldIEat;
				PRODUCT_NAME = "$(TARGET_NAME)";
				SWIFT_EMIT_LOC_STRINGS = YES;
				SWIFT_VERSION = 5.0;
				TARGETED_DEVICE_FAMILY = "1,2";
			};
			name = Release;
		};
/* End XCBuildConfiguration section */

/* Begin XCConfigurationList section */
		39F2A8752A9D3972004EBB9A /* Build configuration list for PBXProject "ShouldIEat" */ = {
			isa = XCConfigurationList;
			buildConfigurations = (
				39F2A8862A9D3974004EBB9A /* Debug */,
				39F2A8872A9D3974004EBB9A /* Release */,
			);
			defaultConfigurationIsVisible = 0;
			defaultConfigurationName = Release;
		};
		39F2A8882A9D3974004EBB9A /* Build configuration list for PBXNativeTarget "ShouldIEat" */ = {
			isa = XCConfigurationList;
			buildConfigurations = (
				39F2A8892A9D3974004EBB9A /* Debug */,
				39F2A88A2A9D3974004EBB9A /* Release */,
			);
			defaultConfigurationIsVisible = 0;
			defaultConfigurationName = Release;
		};
/* End XCConfigurationList section */

/* Begin XCRemoteSwiftPackageReference section */
		397C85E92B6B536100FB9DAD /* XCRemoteSwiftPackageReference "supabase-swift" */ = {
			isa = XCRemoteSwiftPackageReference;
			repositoryURL = "https://github.com/supabase/supabase-swift.git";
			requirement = {
				kind = upToNextMajorVersion;
				minimumVersion = 2.3.0;
			};
		};
		397C85F62B6B537600FB9DAD /* XCRemoteSwiftPackageReference "keychain-swift" */ = {
			isa = XCRemoteSwiftPackageReference;
			repositoryURL = "https://github.com/evgenyneu/keychain-swift.git";
			requirement = {
				kind = upToNextMajorVersion;
				minimumVersion = 21.0.0;
			};
		};
/* End XCRemoteSwiftPackageReference section */

/* Begin XCSwiftPackageProductDependency section */
		397C85EA2B6B536100FB9DAD /* Auth */ = {
			isa = XCSwiftPackageProductDependency;
			package = 397C85E92B6B536100FB9DAD /* XCRemoteSwiftPackageReference "supabase-swift" */;
			productName = Auth;
		};
		397C85EC2B6B536100FB9DAD /* Functions */ = {
			isa = XCSwiftPackageProductDependency;
			package = 397C85E92B6B536100FB9DAD /* XCRemoteSwiftPackageReference "supabase-swift" */;
			productName = Functions;
		};
		397C85EE2B6B536100FB9DAD /* PostgREST */ = {
			isa = XCSwiftPackageProductDependency;
			package = 397C85E92B6B536100FB9DAD /* XCRemoteSwiftPackageReference "supabase-swift" */;
			productName = PostgREST;
		};
		397C85F02B6B536100FB9DAD /* Realtime */ = {
			isa = XCSwiftPackageProductDependency;
			package = 397C85E92B6B536100FB9DAD /* XCRemoteSwiftPackageReference "supabase-swift" */;
			productName = Realtime;
		};
		397C85F22B6B536100FB9DAD /* Storage */ = {
			isa = XCSwiftPackageProductDependency;
			package = 397C85E92B6B536100FB9DAD /* XCRemoteSwiftPackageReference "supabase-swift" */;
			productName = Storage;
		};
		397C85F42B6B536100FB9DAD /* Supabase */ = {
			isa = XCSwiftPackageProductDependency;
			package = 397C85E92B6B536100FB9DAD /* XCRemoteSwiftPackageReference "supabase-swift" */;
			productName = Supabase;
		};
		397C85F72B6B537600FB9DAD /* KeychainSwift */ = {
			isa = XCSwiftPackageProductDependency;
			package = 397C85F62B6B537600FB9DAD /* XCRemoteSwiftPackageReference "keychain-swift" */;
			productName = KeychainSwift;
		};
/* End XCSwiftPackageProductDependency section */
	};
	rootObject = 39F2A8722A9D3972004EBB9A /* Project object */;
}
